// !$*UTF8*$!
{
	archiveVersion = 1;
	classes = {
	};
	objectVersion = 55;
	objects = {

/* Begin PBXBuildFile section */
		6847D9AD292BA777006B5DAF /* iOS_study_week3App.swift in Sources */ = {isa = PBXBuildFile; fileRef = 6847D9AC292BA777006B5DAF /* iOS_study_week3App.swift */; };
		6847D9AF292BA777006B5DAF /* SpacerContentView.swift in Sources */ = {isa = PBXBuildFile; fileRef = 6847D9AE292BA777006B5DAF /* SpacerContentView.swift */; };
		6847D9B1292BA779006B5DAF /* Assets.xcassets in Resources */ = {isa = PBXBuildFile; fileRef = 6847D9B0292BA779006B5DAF /* Assets.xcassets */; };
		6847D9B4292BA779006B5DAF /* Preview Assets.xcassets in Resources */ = {isa = PBXBuildFile; fileRef = 6847D9B3292BA779006B5DAF /* Preview Assets.xcassets */; };
		6847D9C0292BB4D3006B5DAF /* ColorContentView.swift in Sources */ = {isa = PBXBuildFile; fileRef = 6847D9BF292BB4D3006B5DAF /* ColorContentView.swift */; };
		6847D9C2292BB9E6006B5DAF /* ContentView.swift in Sources */ = {isa = PBXBuildFile; fileRef = 6847D9C1292BB9E6006B5DAF /* ContentView.swift */; };
		6847D9C4292BBD97006B5DAF /* StateCotentView.swift in Sources */ = {isa = PBXBuildFile; fileRef = 6847D9C3292BBD97006B5DAF /* StateCotentView.swift */; };
		6847D9C6292BC158006B5DAF /* paddingContentView.swift in Sources */ = {isa = PBXBuildFile; fileRef = 6847D9C5292BC158006B5DAF /* paddingContentView.swift */; };
		6847D9C8292BC4C3006B5DAF /* frameContentView.swift in Sources */ = {isa = PBXBuildFile; fileRef = 6847D9C7292BC4C3006B5DAF /* frameContentView.swift */; };
		6847D9CA292BC66C006B5DAF /* makeContentView.swift in Sources */ = {isa = PBXBuildFile; fileRef = 6847D9C9292BC66C006B5DAF /* makeContentView.swift */; };
/* End PBXBuildFile section */

/* Begin PBXFileReference section */
		6847D9A9292BA777006B5DAF /* iOS_study_week3.app */ = {isa = PBXFileReference; explicitFileType = wrapper.application; includeInIndex = 0; path = iOS_study_week3.app; sourceTree = BUILT_PRODUCTS_DIR; };
		6847D9AC292BA777006B5DAF /* iOS_study_week3App.swift */ = {isa = PBXFileReference; lastKnownFileType = sourcecode.swift; path = iOS_study_week3App.swift; sourceTree = "<group>"; };
		6847D9AE292BA777006B5DAF /* SpacerContentView.swift */ = {isa = PBXFileReference; lastKnownFileType = sourcecode.swift; path = SpacerContentView.swift; sourceTree = "<group>"; };
		6847D9B0292BA779006B5DAF /* Assets.xcassets */ = {isa = PBXFileReference; lastKnownFileType = folder.assetcatalog; path = Assets.xcassets; sourceTree = "<group>"; };
		6847D9B3292BA779006B5DAF /* Preview Assets.xcassets */ = {isa = PBXFileReference; lastKnownFileType = folder.assetcatalog; path = "Preview Assets.xcassets"; sourceTree = "<group>"; };
		6847D9BF292BB4D3006B5DAF /* ColorContentView.swift */ = {isa = PBXFileReference; lastKnownFileType = sourcecode.swift; path = ColorContentView.swift; sourceTree = "<group>"; };
		6847D9C1292BB9E6006B5DAF /* ContentView.swift */ = {isa = PBXFileReference; lastKnownFileType = sourcecode.swift; path = ContentView.swift; sourceTree = "<group>"; };
		6847D9C3292BBD97006B5DAF /* StateCotentView.swift */ = {isa = PBXFileReference; lastKnownFileType = sourcecode.swift; path = StateCotentView.swift; sourceTree = "<group>"; };
		6847D9C5292BC158006B5DAF /* paddingContentView.swift */ = {isa = PBXFileReference; lastKnownFileType = sourcecode.swift; path = paddingContentView.swift; sourceTree = "<group>"; };
		6847D9C7292BC4C3006B5DAF /* frameContentView.swift */ = {isa = PBXFileReference; lastKnownFileType = sourcecode.swift; path = frameContentView.swift; sourceTree = "<group>"; };
		6847D9C9292BC66C006B5DAF /* makeContentView.swift */ = {isa = PBXFileReference; lastKnownFileType = sourcecode.swift; path = makeContentView.swift; sourceTree = "<group>"; };
/* End PBXFileReference section */

/* Begin PBXFrameworksBuildPhase section */
		6847D9A6292BA777006B5DAF /* Frameworks */ = {
			isa = PBXFrameworksBuildPhase;
			buildActionMask = 2147483647;
			files = (
			);
			runOnlyForDeploymentPostprocessing = 0;
		};
/* End PBXFrameworksBuildPhase section */

/* Begin PBXGroup section */
		6847D9A0292BA777006B5DAF = {
			isa = PBXGroup;
			children = (
				6847D9AB292BA777006B5DAF /* iOS_study_week3 */,
				6847D9AA292BA777006B5DAF /* Products */,
			);
			sourceTree = "<group>";
		};
		6847D9AA292BA777006B5DAF /* Products */ = {
			isa = PBXGroup;
			children = (
				6847D9A9292BA777006B5DAF /* iOS_study_week3.app */,
			);
			name = Products;
			sourceTree = "<group>";
		};
		6847D9AB292BA777006B5DAF /* iOS_study_week3 */ = {
			isa = PBXGroup;
			children = (
				6847D9C9292BC66C006B5DAF /* makeContentView.swift */,
				6847D9C7292BC4C3006B5DAF /* frameContentView.swift */,
				6847D9C5292BC158006B5DAF /* paddingContentView.swift */,
				6847D9C3292BBD97006B5DAF /* StateCotentView.swift */,
				6847D9C1292BB9E6006B5DAF /* ContentView.swift */,
				6847D9AE292BA777006B5DAF /* SpacerContentView.swift */,
				6847D9BF292BB4D3006B5DAF /* ColorContentView.swift */,
				6847D9AC292BA777006B5DAF /* iOS_study_week3App.swift */,
				6847D9B0292BA779006B5DAF /* Assets.xcassets */,
				6847D9B2292BA779006B5DAF /* Preview Content */,
			);
			path = iOS_study_week3;
			sourceTree = "<group>";
		};
		6847D9B2292BA779006B5DAF /* Preview Content */ = {
			isa = PBXGroup;
			children = (
				6847D9B3292BA779006B5DAF /* Preview Assets.xcassets */,
			);
			path = "Preview Content";
			sourceTree = "<group>";
		};
/* End PBXGroup section */

/* Begin PBXNativeTarget section */
		6847D9A8292BA777006B5DAF /* iOS_study_week3 */ = {
			isa = PBXNativeTarget;
			buildConfigurationList = 6847D9B7292BA779006B5DAF /* Build configuration list for PBXNativeTarget "iOS_study_week3" */;
			buildPhases = (
				6847D9A5292BA777006B5DAF /* Sources */,
				6847D9A6292BA777006B5DAF /* Frameworks */,
				6847D9A7292BA777006B5DAF /* Resources */,
			);
			buildRules = (
			);
			dependencies = (
			);
			name = iOS_study_week3;
			productName = iOS_study_week3;
			productReference = 6847D9A9292BA777006B5DAF /* iOS_study_week3.app */;
			productType = "com.apple.product-type.application";
		};
/* End PBXNativeTarget section */

/* Begin PBXProject section */
		6847D9A1292BA777006B5DAF /* Project object */ = {
			isa = PBXProject;
			attributes = {
				BuildIndependentTargetsInParallel = 1;
				LastSwiftUpdateCheck = 1340;
				LastUpgradeCheck = 1340;
				TargetAttributes = {
					6847D9A8292BA777006B5DAF = {
						CreatedOnToolsVersion = 13.4.1;
					};
				};
			};
			buildConfigurationList = 6847D9A4292BA777006B5DAF /* Build configuration list for PBXProject "iOS_study_week3" */;
			compatibilityVersion = "Xcode 13.0";
			developmentRegion = en;
			hasScannedForEncodings = 0;
			knownRegions = (
				en,
				Base,
			);
			mainGroup = 6847D9A0292BA777006B5DAF;
			productRefGroup = 6847D9AA292BA777006B5DAF /* Products */;
			projectDirPath = "";
			projectRoot = "";
			targets = (
				6847D9A8292BA777006B5DAF /* iOS_study_week3 */,
			);
		};
/* End PBXProject section */

/* Begin PBXResourcesBuildPhase section */
		6847D9A7292BA777006B5DAF /* Resources */ = {
			isa = PBXResourcesBuildPhase;
			buildActionMask = 2147483647;
			files = (
				6847D9B4292BA779006B5DAF /* Preview Assets.xcassets in Resources */,
				6847D9B1292BA779006B5DAF /* Assets.xcassets in Resources */,
			);
			runOnlyForDeploymentPostprocessing = 0;
		};
/* End PBXResourcesBuildPhase section */

/* Begin PBXSourcesBuildPhase section */
		6847D9A5292BA777006B5DAF /* Sources */ = {
			isa = PBXSourcesBuildPhase;
			buildActionMask = 2147483647;
			files = (
				6847D9AF292BA777006B5DAF /* SpacerContentView.swift in Sources */,
				6847D9C0292BB4D3006B5DAF /* ColorContentView.swift in Sources */,
				6847D9C2292BB9E6006B5DAF /* ContentView.swift in Sources */,
				6847D9C8292BC4C3006B5DAF /* frameContentView.swift in Sources */,
				6847D9CA292BC66C006B5DAF /* makeContentView.swift in Sources */,
				6847D9AD292BA777006B5DAF /* iOS_study_week3App.swift in Sources */,
				6847D9C6292BC158006B5DAF /* paddingContentView.swift in Sources */,
				6847D9C4292BBD97006B5DAF /* StateCotentView.swift in Sources */,
			);
			runOnlyForDeploymentPostprocessing = 0;
		};
/* End PBXSourcesBuildPhase section */

/* Begin XCBuildConfiguration section */
		6847D9B5292BA779006B5DAF /* Debug */ = {
			isa = XCBuildConfiguration;
			buildSettings = {
				ALWAYS_SEARCH_USER_PATHS = NO;
				CLANG_ANALYZER_NONNULL = YES;
				CLANG_ANALYZER_NUMBER_OBJECT_CONVERSION = YES_AGGRESSIVE;
				CLANG_CXX_LANGUAGE_STANDARD = "gnu++17";
				CLANG_ENABLE_MODULES = YES;
				CLANG_ENABLE_OBJC_ARC = YES;
				CLANG_ENABLE_OBJC_WEAK = YES;
				CLANG_WARN_BLOCK_CAPTURE_AUTORELEASING = YES;
				CLANG_WARN_BOOL_CONVERSION = YES;
				CLANG_WARN_COMMA = YES;
				CLANG_WARN_CONSTANT_CONVERSION = YES;
				CLANG_WARN_DEPRECATED_OBJC_IMPLEMENTATIONS = YES;
				CLANG_WARN_DIRECT_OBJC_ISA_USAGE = YES_ERROR;
				CLANG_WARN_DOCUMENTATION_COMMENTS = YES;
				CLANG_WARN_EMPTY_BODY = YES;
				CLANG_WARN_ENUM_CONVERSION = YES;
				CLANG_WARN_INFINITE_RECURSION = YES;
				CLANG_WARN_INT_CONVERSION = YES;
				CLANG_WARN_NON_LITERAL_NULL_CONVERSION = YES;
				CLANG_WARN_OBJC_IMPLICIT_RETAIN_SELF = YES;
				CLANG_WARN_OBJC_LITERAL_CONVERSION = YES;
				CLANG_WARN_OBJC_ROOT_CLASS = YES_ERROR;
				CLANG_WARN_QUOTED_INCLUDE_IN_FRAMEWORK_HEADER = YES;
				CLANG_WARN_RANGE_LOOP_ANALYSIS = YES;
				CLANG_WARN_STRICT_PROTOTYPES = YES;
				CLANG_WARN_SUSPICIOUS_MOVE = YES;
				CLANG_WARN_UNGUARDED_AVAILABILITY = YES_AGGRESSIVE;
				CLANG_WARN_UNREACHABLE_CODE = YES;
				CLANG_WARN__DUPLICATE_METHOD_MATCH = YES;
				COPY_PHASE_STRIP = NO;
				DEBUG_INFORMATION_FORMAT = dwarf;
				ENABLE_STRICT_OBJC_MSGSEND = YES;
				ENABLE_TESTABILITY = YES;
				GCC_C_LANGUAGE_STANDARD = gnu11;
				GCC_DYNAMIC_NO_PIC = NO;
				GCC_NO_COMMON_BLOCKS = YES;
				GCC_OPTIMIZATION_LEVEL = 0;
				GCC_PREPROCESSOR_DEFINITIONS = (
					"DEBUG=1",
					"$(inherited)",
				);
				GCC_WARN_64_TO_32_BIT_CONVERSION = YES;
				GCC_WARN_ABOUT_RETURN_TYPE = YES_ERROR;
				GCC_WARN_UNDECLARED_SELECTOR = YES;
				GCC_WARN_UNINITIALIZED_AUTOS = YES_AGGRESSIVE;
				GCC_WARN_UNUSED_FUNCTION = YES;
				GCC_WARN_UNUSED_VARIABLE = YES;
				IPHONEOS_DEPLOYMENT_TARGET = 15.5;
				MTL_ENABLE_DEBUG_INFO = INCLUDE_SOURCE;
				MTL_FAST_MATH = YES;
				ONLY_ACTIVE_ARCH = YES;
				SDKROOT = iphoneos;
				SWIFT_ACTIVE_COMPILATION_CONDITIONS = DEBUG;
				SWIFT_OPTIMIZATION_LEVEL = "-Onone";
			};
			name = Debug;
		};
		6847D9B6292BA779006B5DAF /* Release */ = {
			isa = XCBuildConfiguration;
			buildSettings = {
				ALWAYS_SEARCH_USER_PATHS = NO;
				CLANG_ANALYZER_NONNULL = YES;
				CLANG_ANALYZER_NUMBER_OBJECT_CONVERSION = YES_AGGRESSIVE;
				CLANG_CXX_LANGUAGE_STANDARD = "gnu++17";
				CLANG_ENABLE_MODULES = YES;
				CLANG_ENABLE_OBJC_ARC = YES;
				CLANG_ENABLE_OBJC_WEAK = YES;
				CLANG_WARN_BLOCK_CAPTURE_AUTORELEASING = YES;
				CLANG_WARN_BOOL_CONVERSION = YES;
				CLANG_WARN_COMMA = YES;
				CLANG_WARN_CONSTANT_CONVERSION = YES;
				CLANG_WARN_DEPRECATED_OBJC_IMPLEMENTATIONS = YES;
				CLANG_WARN_DIRECT_OBJC_ISA_USAGE = YES_ERROR;
				CLANG_WARN_DOCUMENTATION_COMMENTS = YES;
				CLANG_WARN_EMPTY_BODY = YES;
				CLANG_WARN_ENUM_CONVERSION = YES;
				CLANG_WARN_INFINITE_RECURSION = YES;
				CLANG_WARN_INT_CONVERSION = YES;
				CLANG_WARN_NON_LITERAL_NULL_CONVERSION = YES;
				CLANG_WARN_OBJC_IMPLICIT_RETAIN_SELF = YES;
				CLANG_WARN_OBJC_LITERAL_CONVERSION = YES;
				CLANG_WARN_OBJC_ROOT_CLASS = YES_ERROR;
				CLANG_WARN_QUOTED_INCLUDE_IN_FRAMEWORK_HEADER = YES;
				CLANG_WARN_RANGE_LOOP_ANALYSIS = YES;
				CLANG_WARN_STRICT_PROTOTYPES = YES;
				CLANG_WARN_SUSPICIOUS_MOVE = YES;
				CLANG_WARN_UNGUARDED_AVAILABILITY = YES_AGGRESSIVE;
				CLANG_WARN_UNREACHABLE_CODE = YES;
				CLANG_WARN__DUPLICATE_METHOD_MATCH = YES;
				COPY_PHASE_STRIP = NO;
				DEBUG_INFORMATION_FORMAT = "dwarf-with-dsym";
				ENABLE_NS_ASSERTIONS = NO;
				ENABLE_STRICT_OBJC_MSGSEND = YES;
				GCC_C_LANGUAGE_STANDARD = gnu11;
				GCC_NO_COMMON_BLOCKS = YES;
				GCC_WARN_64_TO_32_BIT_CONVERSION = YES;
				GCC_WARN_ABOUT_RETURN_TYPE = YES_ERROR;
				GCC_WARN_UNDECLARED_SELECTOR = YES;
				GCC_WARN_UNINITIALIZED_AUTOS = YES_AGGRESSIVE;
				GCC_WARN_UNUSED_FUNCTION = YES;
				GCC_WARN_UNUSED_VARIABLE = YES;
				IPHONEOS_DEPLOYMENT_TARGET = 15.5;
				MTL_ENABLE_DEBUG_INFO = NO;
				MTL_FAST_MATH = YES;
				SDKROOT = iphoneos;
				SWIFT_COMPILATION_MODE = wholemodule;
				SWIFT_OPTIMIZATION_LEVEL = "-O";
				VALIDATE_PRODUCT = YES;
			};
			name = Release;
		};
		6847D9B8292BA779006B5DAF /* Debug */ = {
			isa = XCBuildConfiguration;
			buildSettings = {
				ASSETCATALOG_COMPILER_APPICON_NAME = AppIcon;
				ASSETCATALOG_COMPILER_GLOBAL_ACCENT_COLOR_NAME = AccentColor;
				CODE_SIGN_STYLE = Automatic;
				CURRENT_PROJECT_VERSION = 1;
				DEVELOPMENT_ASSET_PATHS = "\"iOS_study_week3/Preview Content\"";
				ENABLE_PREVIEWS = YES;
				GENERATE_INFOPLIST_FILE = YES;
				INFOPLIST_KEY_UIApplicationSceneManifest_Generation = YES;
				INFOPLIST_KEY_UIApplicationSupportsIndirectInputEvents = YES;
				INFOPLIST_KEY_UILaunchScreen_Generation = YES;
				INFOPLIST_KEY_UISupportedInterfaceOrientations_iPad = "UIInterfaceOrientationPortrait UIInterfaceOrientationPortraitUpsideDown UIInterfaceOrientationLandscapeLeft UIInterfaceOrientationLandscapeRight";
				INFOPLIST_KEY_UISupportedInterfaceOrientations_iPhone = "UIInterfaceOrientationPortrait UIInterfaceOrientationLandscapeLeft UIInterfaceOrientationLandscapeRight";
				LD_RUNPATH_SEARCH_PATHS = (
					"$(inherited)",
					"@executable_path/Frameworks",
				);
				MARKETING_VERSION = 1.0;
				PRODUCT_BUNDLE_IDENTIFIER = "kr.ac.induk.ajh.iOS-study-week3";
				PRODUCT_NAME = "$(TARGET_NAME)";
				SWIFT_EMIT_LOC_STRINGS = YES;
				SWIFT_VERSION = 5.0;
				TARGETED_DEVICE_FAMILY = "1,2";
			};
			name = Debug;
		};
		6847D9B9292BA779006B5DAF /* Release */ = {
			isa = XCBuildConfiguration;
			buildSettings = {
				ASSETCATALOG_COMPILER_APPICON_NAME = AppIcon;
				ASSETCATALOG_COMPILER_GLOBAL_ACCENT_COLOR_NAME = AccentColor;
				CODE_SIGN_STYLE = Automatic;
				CURRENT_PROJECT_VERSION = 1;
				DEVELOPMENT_ASSET_PATHS = "\"iOS_study_week3/Preview Content\"";
				ENABLE_PREVIEWS = YES;
				GENERATE_INFOPLIST_FILE = YES;
				INFOPLIST_KEY_UIApplicationSceneManifest_Generation = YES;
				INFOPLIST_KEY_UIApplicationSupportsIndirectInputEvents = YES;
				INFOPLIST_KEY_UILaunchScreen_Generation = YES;
				INFOPLIST_KEY_UISupportedInterfaceOrientations_iPad = "UIInterfaceOrientationPortrait UIInterfaceOrientationPortraitUpsideDown UIInterfaceOrientationLandscapeLeft UIInterfaceOrientationLandscapeRight";
				INFOPLIST_KEY_UISupportedInterfaceOrientations_iPhone = "UIInterfaceOrientationPortrait UIInterfaceOrientationLandscapeLeft UIInterfaceOrientationLandscapeRight";
				LD_RUNPATH_SEARCH_PATHS = (
					"$(inherited)",
					"@executable_path/Frameworks",
				);
				MARKETING_VERSION = 1.0;
				PRODUCT_BUNDLE_IDENTIFIER = "kr.ac.induk.ajh.iOS-study-week3";
				PRODUCT_NAME = "$(TARGET_NAME)";
				SWIFT_EMIT_LOC_STRINGS = YES;
				SWIFT_VERSION = 5.0;
				TARGETED_DEVICE_FAMILY = "1,2";
			};
			name = Release;
		};
/* End XCBuildConfiguration section */

/* Begin XCConfigurationList section */
		6847D9A4292BA777006B5DAF /* Build configuration list for PBXProject "iOS_study_week3" */ = {
			isa = XCConfigurationList;
			buildConfigurations = (
				6847D9B5292BA779006B5DAF /* Debug */,
				6847D9B6292BA779006B5DAF /* Release */,
			);
			defaultConfigurationIsVisible = 0;
			defaultConfigurationName = Release;
		};
		6847D9B7292BA779006B5DAF /* Build configuration list for PBXNativeTarget "iOS_study_week3" */ = {
			isa = XCConfigurationList;
			buildConfigurations = (
				6847D9B8292BA779006B5DAF /* Debug */,
				6847D9B9292BA779006B5DAF /* Release */,
			);
			defaultConfigurationIsVisible = 0;
			defaultConfigurationName = Release;
		};
/* End XCConfigurationList section */
	};
	rootObject = 6847D9A1292BA777006B5DAF /* Project object */;
}
