// !$*UTF8*$!
{
	archiveVersion = 1;
	classes = {
	};
	objectVersion = 56;
	objects = {

/* Begin PBXBuildFile section */
		56DE2941296AB932005F0587 /* AppDelegate.swift in Sources */ = {isa = PBXBuildFile; fileRef = 56DE2940296AB932005F0587 /* AppDelegate.swift */; };
		56DE2943296AB932005F0587 /* SceneDelegate.swift in Sources */ = {isa = PBXBuildFile; fileRef = 56DE2942296AB932005F0587 /* SceneDelegate.swift */; };
		56DE2945296AB932005F0587 /* ViewController.swift in Sources */ = {isa = PBXBuildFile; fileRef = 56DE2944296AB932005F0587 /* ViewController.swift */; };
		56DE2948296AB932005F0587 /* Main.storyboard in Resources */ = {isa = PBXBuildFile; fileRef = 56DE2946296AB932005F0587 /* Main.storyboard */; };
		56DE294A296AB934005F0587 /* Assets.xcassets in Resources */ = {isa = PBXBuildFile; fileRef = 56DE2949296AB934005F0587 /* Assets.xcassets */; };
		56DE294D296AB934005F0587 /* LaunchScreen.storyboard in Resources */ = {isa = PBXBuildFile; fileRef = 56DE294B296AB934005F0587 /* LaunchScreen.storyboard */; };
		56DE2958296AB934005F0587 /* MyUIKitTests.swift in Sources */ = {isa = PBXBuildFile; fileRef = 56DE2957296AB934005F0587 /* MyUIKitTests.swift */; };
		56DE2962296AB934005F0587 /* MyUIKitUITests.swift in Sources */ = {isa = PBXBuildFile; fileRef = 56DE2961296AB934005F0587 /* MyUIKitUITests.swift */; };
		56DE2964296AB934005F0587 /* MyUIKitUITestsLaunchTests.swift in Sources */ = {isa = PBXBuildFile; fileRef = 56DE2963296AB934005F0587 /* MyUIKitUITestsLaunchTests.swift */; };
		56F2C1A1296B18D30063247C /* MyTableViewCell.xib in Resources */ = {isa = PBXBuildFile; fileRef = 56F2C1A0296B18D30063247C /* MyTableViewCell.xib */; };
		56F2C1A3296B1F8F0063247C /* MyTableViewCell.swift in Sources */ = {isa = PBXBuildFile; fileRef = 56F2C1A2296B1F8F0063247C /* MyTableViewCell.swift */; };
		56F2C1A5296B3BEB0063247C /* CircleButton.swift in Sources */ = {isa = PBXBuildFile; fileRef = 56F2C1A4296B3BEB0063247C /* CircleButton.swift */; };
/* End PBXBuildFile section */

/* Begin PBXContainerItemProxy section */
		56DE2954296AB934005F0587 /* PBXContainerItemProxy */ = {
			isa = PBXContainerItemProxy;
			containerPortal = 56DE2935296AB932005F0587 /* Project object */;
			proxyType = 1;
			remoteGlobalIDString = 56DE293C296AB932005F0587;
			remoteInfo = MyUIKit;
		};
		56DE295E296AB934005F0587 /* PBXContainerItemProxy */ = {
			isa = PBXContainerItemProxy;
			containerPortal = 56DE2935296AB932005F0587 /* Project object */;
			proxyType = 1;
			remoteGlobalIDString = 56DE293C296AB932005F0587;
			remoteInfo = MyUIKit;
		};
/* End PBXContainerItemProxy section */

/* Begin PBXFileReference section */
		56DE293D296AB932005F0587 /* MyUIKit.app */ = {isa = PBXFileReference; explicitFileType = wrapper.application; includeInIndex = 0; path = MyUIKit.app; sourceTree = BUILT_PRODUCTS_DIR; };
		56DE2940296AB932005F0587 /* AppDelegate.swift */ = {isa = PBXFileReference; lastKnownFileType = sourcecode.swift; path = AppDelegate.swift; sourceTree = "<group>"; };
		56DE2942296AB932005F0587 /* SceneDelegate.swift */ = {isa = PBXFileReference; lastKnownFileType = sourcecode.swift; path = SceneDelegate.swift; sourceTree = "<group>"; };
		56DE2944296AB932005F0587 /* ViewController.swift */ = {isa = PBXFileReference; lastKnownFileType = sourcecode.swift; path = ViewController.swift; sourceTree = "<group>"; };
		56DE2947296AB932005F0587 /* Base */ = {isa = PBXFileReference; lastKnownFileType = file.storyboard; name = Base; path = Base.lproj/Main.storyboard; sourceTree = "<group>"; };
		56DE2949296AB934005F0587 /* Assets.xcassets */ = {isa = PBXFileReference; lastKnownFileType = folder.assetcatalog; path = Assets.xcassets; sourceTree = "<group>"; };
		56DE294C296AB934005F0587 /* Base */ = {isa = PBXFileReference; lastKnownFileType = file.storyboard; name = Base; path = Base.lproj/LaunchScreen.storyboard; sourceTree = "<group>"; };
		56DE294E296AB934005F0587 /* Info.plist */ = {isa = PBXFileReference; lastKnownFileType = text.plist.xml; path = Info.plist; sourceTree = "<group>"; };
		56DE2953296AB934005F0587 /* MyUIKitTests.xctest */ = {isa = PBXFileReference; explicitFileType = wrapper.cfbundle; includeInIndex = 0; path = MyUIKitTests.xctest; sourceTree = BUILT_PRODUCTS_DIR; };
		56DE2957296AB934005F0587 /* MyUIKitTests.swift */ = {isa = PBXFileReference; lastKnownFileType = sourcecode.swift; path = MyUIKitTests.swift; sourceTree = "<group>"; };
		56DE295D296AB934005F0587 /* MyUIKitUITests.xctest */ = {isa = PBXFileReference; explicitFileType = wrapper.cfbundle; includeInIndex = 0; path = MyUIKitUITests.xctest; sourceTree = BUILT_PRODUCTS_DIR; };
		56DE2961296AB934005F0587 /* MyUIKitUITests.swift */ = {isa = PBXFileReference; lastKnownFileType = sourcecode.swift; path = MyUIKitUITests.swift; sourceTree = "<group>"; };
		56DE2963296AB934005F0587 /* MyUIKitUITestsLaunchTests.swift */ = {isa = PBXFileReference; lastKnownFileType = sourcecode.swift; path = MyUIKitUITestsLaunchTests.swift; sourceTree = "<group>"; };
		56F2C1A0296B18D30063247C /* MyTableViewCell.xib */ = {isa = PBXFileReference; lastKnownFileType = file.xib; path = MyTableViewCell.xib; sourceTree = "<group>"; };
		56F2C1A2296B1F8F0063247C /* MyTableViewCell.swift */ = {isa = PBXFileReference; lastKnownFileType = sourcecode.swift; name = MyTableViewCell.swift; path = ../../../../Documents/MyTableViewCell.swift; sourceTree = "<group>"; };
		56F2C1A4296B3BEB0063247C /* CircleButton.swift */ = {isa = PBXFileReference; lastKnownFileType = sourcecode.swift; path = CircleButton.swift; sourceTree = "<group>"; };
/* End PBXFileReference section */

/* Begin PBXFrameworksBuildPhase section */
		56DE293A296AB932005F0587 /* Frameworks */ = {
			isa = PBXFrameworksBuildPhase;
			buildActionMask = 2147483647;
			files = (
			);
			runOnlyForDeploymentPostprocessing = 0;
		};
		56DE2950296AB934005F0587 /* Frameworks */ = {
			isa = PBXFrameworksBuildPhase;
			buildActionMask = 2147483647;
			files = (
			);
			runOnlyForDeploymentPostprocessing = 0;
		};
		56DE295A296AB934005F0587 /* Frameworks */ = {
			isa = PBXFrameworksBuildPhase;
			buildActionMask = 2147483647;
			files = (
			);
			runOnlyForDeploymentPostprocessing = 0;
		};
/* End PBXFrameworksBuildPhase section */

/* Begin PBXGroup section */
		56DE2934296AB932005F0587 = {
			isa = PBXGroup;
			children = (
				56DE293F296AB932005F0587 /* MyUIKit */,
				56DE2956296AB934005F0587 /* MyUIKitTests */,
				56DE2960296AB934005F0587 /* MyUIKitUITests */,
				56DE293E296AB932005F0587 /* Products */,
			);
			sourceTree = "<group>";
		};
		56DE293E296AB932005F0587 /* Products */ = {
			isa = PBXGroup;
			children = (
				56DE293D296AB932005F0587 /* MyUIKit.app */,
				56DE2953296AB934005F0587 /* MyUIKitTests.xctest */,
				56DE295D296AB934005F0587 /* MyUIKitUITests.xctest */,
			);
			name = Products;
			sourceTree = "<group>";
		};
		56DE293F296AB932005F0587 /* MyUIKit */ = {
			isa = PBXGroup;
			children = (
				56DE2940296AB932005F0587 /* AppDelegate.swift */,
				56DE2942296AB932005F0587 /* SceneDelegate.swift */,
				56DE2944296AB932005F0587 /* ViewController.swift */,
				56DE2946296AB932005F0587 /* Main.storyboard */,
				56F2C1A4296B3BEB0063247C /* CircleButton.swift */,
				56F2C1A2296B1F8F0063247C /* MyTableViewCell.swift */,
				56F2C1A0296B18D30063247C /* MyTableViewCell.xib */,
				56DE2949296AB934005F0587 /* Assets.xcassets */,
				56DE294B296AB934005F0587 /* LaunchScreen.storyboard */,
				56DE294E296AB934005F0587 /* Info.plist */,
			);
			path = MyUIKit;
			sourceTree = "<group>";
		};
		56DE2956296AB934005F0587 /* MyUIKitTests */ = {
			isa = PBXGroup;
			children = (
				56DE2957296AB934005F0587 /* MyUIKitTests.swift */,
			);
			path = MyUIKitTests;
			sourceTree = "<group>";
		};
		56DE2960296AB934005F0587 /* MyUIKitUITests */ = {
			isa = PBXGroup;
			children = (
				56DE2961296AB934005F0587 /* MyUIKitUITests.swift */,
				56DE2963296AB934005F0587 /* MyUIKitUITestsLaunchTests.swift */,
			);
			path = MyUIKitUITests;
			sourceTree = "<group>";
		};
/* End PBXGroup section */

/* Begin PBXNativeTarget section */
		56DE293C296AB932005F0587 /* MyUIKit */ = {
			isa = PBXNativeTarget;
			buildConfigurationList = 56DE2967296AB934005F0587 /* Build configuration list for PBXNativeTarget "MyUIKit" */;
			buildPhases = (
				56DE2939296AB932005F0587 /* Sources */,
				56DE293A296AB932005F0587 /* Frameworks */,
				56DE293B296AB932005F0587 /* Resources */,
			);
			buildRules = (
			);
			dependencies = (
			);
			name = MyUIKit;
			productName = MyUIKit;
			productReference = 56DE293D296AB932005F0587 /* MyUIKit.app */;
			productType = "com.apple.product-type.application";
		};
		56DE2952296AB934005F0587 /* MyUIKitTests */ = {
			isa = PBXNativeTarget;
			buildConfigurationList = 56DE296A296AB934005F0587 /* Build configuration list for PBXNativeTarget "MyUIKitTests" */;
			buildPhases = (
				56DE294F296AB934005F0587 /* Sources */,
				56DE2950296AB934005F0587 /* Frameworks */,
				56DE2951296AB934005F0587 /* Resources */,
			);
			buildRules = (
			);
			dependencies = (
				56DE2955296AB934005F0587 /* PBXTargetDependency */,
			);
			name = MyUIKitTests;
			productName = MyUIKitTests;
			productReference = 56DE2953296AB934005F0587 /* MyUIKitTests.xctest */;
			productType = "com.apple.product-type.bundle.unit-test";
		};
		56DE295C296AB934005F0587 /* MyUIKitUITests */ = {
			isa = PBXNativeTarget;
			buildConfigurationList = 56DE296D296AB934005F0587 /* Build configuration list for PBXNativeTarget "MyUIKitUITests" */;
			buildPhases = (
				56DE2959296AB934005F0587 /* Sources */,
				56DE295A296AB934005F0587 /* Frameworks */,
				56DE295B296AB934005F0587 /* Resources */,
			);
			buildRules = (
			);
			dependencies = (
				56DE295F296AB934005F0587 /* PBXTargetDependency */,
			);
			name = MyUIKitUITests;
			productName = MyUIKitUITests;
			productReference = 56DE295D296AB934005F0587 /* MyUIKitUITests.xctest */;
			productType = "com.apple.product-type.bundle.ui-testing";
		};
/* End PBXNativeTarget section */

/* Begin PBXProject section */
		56DE2935296AB932005F0587 /* Project object */ = {
			isa = PBXProject;
			attributes = {
				BuildIndependentTargetsInParallel = 1;
				LastSwiftUpdateCheck = 1420;
				LastUpgradeCheck = 1420;
				TargetAttributes = {
					56DE293C296AB932005F0587 = {
						CreatedOnToolsVersion = 14.2;
					};
					56DE2952296AB934005F0587 = {
						CreatedOnToolsVersion = 14.2;
						TestTargetID = 56DE293C296AB932005F0587;
					};
					56DE295C296AB934005F0587 = {
						CreatedOnToolsVersion = 14.2;
						TestTargetID = 56DE293C296AB932005F0587;
					};
				};
			};
			buildConfigurationList = 56DE2938296AB932005F0587 /* Build configuration list for PBXProject "MyUIKit" */;
			compatibilityVersion = "Xcode 14.0";
			developmentRegion = en;
			hasScannedForEncodings = 0;
			knownRegions = (
				en,
				Base,
			);
			mainGroup = 56DE2934296AB932005F0587;
			productRefGroup = 56DE293E296AB932005F0587 /* Products */;
			projectDirPath = "";
			projectRoot = "";
			targets = (
				56DE293C296AB932005F0587 /* MyUIKit */,
				56DE2952296AB934005F0587 /* MyUIKitTests */,
				56DE295C296AB934005F0587 /* MyUIKitUITests */,
			);
		};
/* End PBXProject section */

/* Begin PBXResourcesBuildPhase section */
		56DE293B296AB932005F0587 /* Resources */ = {
			isa = PBXResourcesBuildPhase;
			buildActionMask = 2147483647;
			files = (
				56DE294D296AB934005F0587 /* LaunchScreen.storyboard in Resources */,
				56F2C1A1296B18D30063247C /* MyTableViewCell.xib in Resources */,
				56DE294A296AB934005F0587 /* Assets.xcassets in Resources */,
				56DE2948296AB932005F0587 /* Main.storyboard in Resources */,
			);
			runOnlyForDeploymentPostprocessing = 0;
		};
		56DE2951296AB934005F0587 /* Resources */ = {
			isa = PBXResourcesBuildPhase;
			buildActionMask = 2147483647;
			files = (
			);
			runOnlyForDeploymentPostprocessing = 0;
		};
		56DE295B296AB934005F0587 /* Resources */ = {
			isa = PBXResourcesBuildPhase;
			buildActionMask = 2147483647;
			files = (
			);
			runOnlyForDeploymentPostprocessing = 0;
		};
/* End PBXResourcesBuildPhase section */

/* Begin PBXSourcesBuildPhase section */
		56DE2939296AB932005F0587 /* Sources */ = {
			isa = PBXSourcesBuildPhase;
			buildActionMask = 2147483647;
			files = (
				56F2C1A5296B3BEB0063247C /* CircleButton.swift in Sources */,
				56DE2945296AB932005F0587 /* ViewController.swift in Sources */,
				56F2C1A3296B1F8F0063247C /* MyTableViewCell.swift in Sources */,
				56DE2941296AB932005F0587 /* AppDelegate.swift in Sources */,
				56DE2943296AB932005F0587 /* SceneDelegate.swift in Sources */,
			);
			runOnlyForDeploymentPostprocessing = 0;
		};
		56DE294F296AB934005F0587 /* Sources */ = {
			isa = PBXSourcesBuildPhase;
			buildActionMask = 2147483647;
			files = (
				56DE2958296AB934005F0587 /* MyUIKitTests.swift in Sources */,
			);
			runOnlyForDeploymentPostprocessing = 0;
		};
		56DE2959296AB934005F0587 /* Sources */ = {
			isa = PBXSourcesBuildPhase;
			buildActionMask = 2147483647;
			files = (
				56DE2962296AB934005F0587 /* MyUIKitUITests.swift in Sources */,
				56DE2964296AB934005F0587 /* MyUIKitUITestsLaunchTests.swift in Sources */,
			);
			runOnlyForDeploymentPostprocessing = 0;
		};
/* End PBXSourcesBuildPhase section */

/* Begin PBXTargetDependency section */
		56DE2955296AB934005F0587 /* PBXTargetDependency */ = {
			isa = PBXTargetDependency;
			target = 56DE293C296AB932005F0587 /* MyUIKit */;
			targetProxy = 56DE2954296AB934005F0587 /* PBXContainerItemProxy */;
		};
		56DE295F296AB934005F0587 /* PBXTargetDependency */ = {
			isa = PBXTargetDependency;
			target = 56DE293C296AB932005F0587 /* MyUIKit */;
			targetProxy = 56DE295E296AB934005F0587 /* PBXContainerItemProxy */;
		};
/* End PBXTargetDependency section */

/* Begin PBXVariantGroup section */
		56DE2946296AB932005F0587 /* Main.storyboard */ = {
			isa = PBXVariantGroup;
			children = (
				56DE2947296AB932005F0587 /* Base */,
			);
			name = Main.storyboard;
			sourceTree = "<group>";
		};
		56DE294B296AB934005F0587 /* LaunchScreen.storyboard */ = {
			isa = PBXVariantGroup;
			children = (
				56DE294C296AB934005F0587 /* Base */,
			);
			name = LaunchScreen.storyboard;
			sourceTree = "<group>";
		};
/* End PBXVariantGroup section */

/* Begin XCBuildConfiguration section */
		56DE2965296AB934005F0587 /* Debug */ = {
			isa = XCBuildConfiguration;
			buildSettings = {
				ALWAYS_SEARCH_USER_PATHS = NO;
				CLANG_ANALYZER_NONNULL = YES;
				CLANG_ANALYZER_NUMBER_OBJECT_CONVERSION = YES_AGGRESSIVE;
				CLANG_CXX_LANGUAGE_STANDARD = "gnu++20";
				CLANG_ENABLE_MODULES = YES;
				CLANG_ENABLE_OBJC_ARC = YES;
				CLANG_ENABLE_OBJC_WEAK = YES;
				CLANG_WARN_BLOCK_CAPTURE_AUTORELEASING = YES;
				CLANG_WARN_BOOL_CONVERSION = YES;
				CLANG_WARN_COMMA = YES;
				CLANG_WARN_CONSTANT_CONVERSION = YES;
				CLANG_WARN_DEPRECATED_OBJC_IMPLEMENTATIONS = YES;
				CLANG_WARN_DIRECT_OBJC_ISA_USAGE = YES_ERROR;
				CLANG_WARN_DOCUMENTATION_COMMENTS = YES;
				CLANG_WARN_EMPTY_BODY = YES;
				CLANG_WARN_ENUM_CONVERSION = YES;
				CLANG_WARN_INFINITE_RECURSION = YES;
				CLANG_WARN_INT_CONVERSION = YES;
				CLANG_WARN_NON_LITERAL_NULL_CONVERSION = YES;
				CLANG_WARN_OBJC_IMPLICIT_RETAIN_SELF = YES;
				CLANG_WARN_OBJC_LITERAL_CONVERSION = YES;
				CLANG_WARN_OBJC_ROOT_CLASS = YES_ERROR;
				CLANG_WARN_QUOTED_INCLUDE_IN_FRAMEWORK_HEADER = YES;
				CLANG_WARN_RANGE_LOOP_ANALYSIS = YES;
				CLANG_WARN_STRICT_PROTOTYPES = YES;
				CLANG_WARN_SUSPICIOUS_MOVE = YES;
				CLANG_WARN_UNGUARDED_AVAILABILITY = YES_AGGRESSIVE;
				CLANG_WARN_UNREACHABLE_CODE = YES;
				CLANG_WARN__DUPLICATE_METHOD_MATCH = YES;
				COPY_PHASE_STRIP = NO;
				DEBUG_INFORMATION_FORMAT = dwarf;
				ENABLE_STRICT_OBJC_MSGSEND = YES;
				ENABLE_TESTABILITY = YES;
				GCC_C_LANGUAGE_STANDARD = gnu11;
				GCC_DYNAMIC_NO_PIC = NO;
				GCC_NO_COMMON_BLOCKS = YES;
				GCC_OPTIMIZATION_LEVEL = 0;
				GCC_PREPROCESSOR_DEFINITIONS = (
					"DEBUG=1",
					"$(inherited)",
				);
				GCC_WARN_64_TO_32_BIT_CONVERSION = YES;
				GCC_WARN_ABOUT_RETURN_TYPE = YES_ERROR;
				GCC_WARN_UNDECLARED_SELECTOR = YES;
				GCC_WARN_UNINITIALIZED_AUTOS = YES_AGGRESSIVE;
				GCC_WARN_UNUSED_FUNCTION = YES;
				GCC_WARN_UNUSED_VARIABLE = YES;
				IPHONEOS_DEPLOYMENT_TARGET = 16.2;
				MTL_ENABLE_DEBUG_INFO = INCLUDE_SOURCE;
				MTL_FAST_MATH = YES;
				ONLY_ACTIVE_ARCH = YES;
				SDKROOT = iphoneos;
				SWIFT_ACTIVE_COMPILATION_CONDITIONS = DEBUG;
				SWIFT_OPTIMIZATION_LEVEL = "-Onone";
			};
			name = Debug;
		};
		56DE2966296AB934005F0587 /* Release */ = {
			isa = XCBuildConfiguration;
			buildSettings = {
				ALWAYS_SEARCH_USER_PATHS = NO;
				CLANG_ANALYZER_NONNULL = YES;
				CLANG_ANALYZER_NUMBER_OBJECT_CONVERSION = YES_AGGRESSIVE;
				CLANG_CXX_LANGUAGE_STANDARD = "gnu++20";
				CLANG_ENABLE_MODULES = YES;
				CLANG_ENABLE_OBJC_ARC = YES;
				CLANG_ENABLE_OBJC_WEAK = YES;
				CLANG_WARN_BLOCK_CAPTURE_AUTORELEASING = YES;
				CLANG_WARN_BOOL_CONVERSION = YES;
				CLANG_WARN_COMMA = YES;
				CLANG_WARN_CONSTANT_CONVERSION = YES;
				CLANG_WARN_DEPRECATED_OBJC_IMPLEMENTATIONS = YES;
				CLANG_WARN_DIRECT_OBJC_ISA_USAGE = YES_ERROR;
				CLANG_WARN_DOCUMENTATION_COMMENTS = YES;
				CLANG_WARN_EMPTY_BODY = YES;
				CLANG_WARN_ENUM_CONVERSION = YES;
				CLANG_WARN_INFINITE_RECURSION = YES;
				CLANG_WARN_INT_CONVERSION = YES;
				CLANG_WARN_NON_LITERAL_NULL_CONVERSION = YES;
				CLANG_WARN_OBJC_IMPLICIT_RETAIN_SELF = YES;
				CLANG_WARN_OBJC_LITERAL_CONVERSION = YES;
				CLANG_WARN_OBJC_ROOT_CLASS = YES_ERROR;
				CLANG_WARN_QUOTED_INCLUDE_IN_FRAMEWORK_HEADER = YES;
				CLANG_WARN_RANGE_LOOP_ANALYSIS = YES;
				CLANG_WARN_STRICT_PROTOTYPES = YES;
				CLANG_WARN_SUSPICIOUS_MOVE = YES;
				CLANG_WARN_UNGUARDED_AVAILABILITY = YES_AGGRESSIVE;
				CLANG_WARN_UNREACHABLE_CODE = YES;
				CLANG_WARN__DUPLICATE_METHOD_MATCH = YES;
				COPY_PHASE_STRIP = NO;
				DEBUG_INFORMATION_FORMAT = "dwarf-with-dsym";
				ENABLE_NS_ASSERTIONS = NO;
				ENABLE_STRICT_OBJC_MSGSEND = YES;
				GCC_C_LANGUAGE_STANDARD = gnu11;
				GCC_NO_COMMON_BLOCKS = YES;
				GCC_WARN_64_TO_32_BIT_CONVERSION = YES;
				GCC_WARN_ABOUT_RETURN_TYPE = YES_ERROR;
				GCC_WARN_UNDECLARED_SELECTOR = YES;
				GCC_WARN_UNINITIALIZED_AUTOS = YES_AGGRESSIVE;
				GCC_WARN_UNUSED_FUNCTION = YES;
				GCC_WARN_UNUSED_VARIABLE = YES;
				IPHONEOS_DEPLOYMENT_TARGET = 16.2;
				MTL_ENABLE_DEBUG_INFO = NO;
				MTL_FAST_MATH = YES;
				SDKROOT = iphoneos;
				SWIFT_COMPILATION_MODE = wholemodule;
				SWIFT_OPTIMIZATION_LEVEL = "-O";
				VALIDATE_PRODUCT = YES;
			};
			name = Release;
		};
		56DE2968296AB934005F0587 /* Debug */ = {
			isa = XCBuildConfiguration;
			buildSettings = {
				ASSETCATALOG_COMPILER_APPICON_NAME = AppIcon;
				ASSETCATALOG_COMPILER_GLOBAL_ACCENT_COLOR_NAME = AccentColor;
				CODE_SIGN_STYLE = Automatic;
				CURRENT_PROJECT_VERSION = 1;
				DEVELOPMENT_TEAM = LVBHWHTSNF;
				GENERATE_INFOPLIST_FILE = YES;
				INFOPLIST_FILE = MyUIKit/Info.plist;
				INFOPLIST_KEY_UIApplicationSupportsIndirectInputEvents = YES;
				INFOPLIST_KEY_UILaunchStoryboardName = LaunchScreen;
				INFOPLIST_KEY_UIMainStoryboardFile = Main;
				INFOPLIST_KEY_UISupportedInterfaceOrientations_iPad = "UIInterfaceOrientationPortrait UIInterfaceOrientationPortraitUpsideDown UIInterfaceOrientationLandscapeLeft UIInterfaceOrientationLandscapeRight";
				INFOPLIST_KEY_UISupportedInterfaceOrientations_iPhone = "UIInterfaceOrientationPortrait UIInterfaceOrientationLandscapeLeft UIInterfaceOrientationLandscapeRight";
				LD_RUNPATH_SEARCH_PATHS = (
					"$(inherited)",
					"@executable_path/Frameworks",
				);
				MARKETING_VERSION = 1.0;
				PRODUCT_BUNDLE_IDENTIFIER = com.lee.MyUIKit;
				PRODUCT_NAME = "$(TARGET_NAME)";
				SWIFT_EMIT_LOC_STRINGS = YES;
				SWIFT_VERSION = 5.0;
				TARGETED_DEVICE_FAMILY = "1,2";
			};
			name = Debug;
		};
		56DE2969296AB934005F0587 /* Release */ = {
			isa = XCBuildConfiguration;
			buildSettings = {
				ASSETCATALOG_COMPILER_APPICON_NAME = AppIcon;
				ASSETCATALOG_COMPILER_GLOBAL_ACCENT_COLOR_NAME = AccentColor;
				CODE_SIGN_STYLE = Automatic;
				CURRENT_PROJECT_VERSION = 1;
				DEVELOPMENT_TEAM = LVBHWHTSNF;
				GENERATE_INFOPLIST_FILE = YES;
				INFOPLIST_FILE = MyUIKit/Info.plist;
				INFOPLIST_KEY_UIApplicationSupportsIndirectInputEvents = YES;
				INFOPLIST_KEY_UILaunchStoryboardName = LaunchScreen;
				INFOPLIST_KEY_UIMainStoryboardFile = Main;
				INFOPLIST_KEY_UISupportedInterfaceOrientations_iPad = "UIInterfaceOrientationPortrait UIInterfaceOrientationPortraitUpsideDown UIInterfaceOrientationLandscapeLeft UIInterfaceOrientationLandscapeRight";
				INFOPLIST_KEY_UISupportedInterfaceOrientations_iPhone = "UIInterfaceOrientationPortrait UIInterfaceOrientationLandscapeLeft UIInterfaceOrientationLandscapeRight";
				LD_RUNPATH_SEARCH_PATHS = (
					"$(inherited)",
					"@executable_path/Frameworks",
				);
				MARKETING_VERSION = 1.0;
				PRODUCT_BUNDLE_IDENTIFIER = com.lee.MyUIKit;
				PRODUCT_NAME = "$(TARGET_NAME)";
				SWIFT_EMIT_LOC_STRINGS = YES;
				SWIFT_VERSION = 5.0;
				TARGETED_DEVICE_FAMILY = "1,2";
			};
			name = Release;
		};
		56DE296B296AB934005F0587 /* Debug */ = {
			isa = XCBuildConfiguration;
			buildSettings = {
				ALWAYS_EMBED_SWIFT_STANDARD_LIBRARIES = YES;
				BUNDLE_LOADER = "$(TEST_HOST)";
				CODE_SIGN_STYLE = Automatic;
				CURRENT_PROJECT_VERSION = 1;
				DEVELOPMENT_TEAM = LVBHWHTSNF;
				GENERATE_INFOPLIST_FILE = YES;
				IPHONEOS_DEPLOYMENT_TARGET = 16.2;
				MARKETING_VERSION = 1.0;
				PRODUCT_BUNDLE_IDENTIFIER = com.lee.MyUIKitTests;
				PRODUCT_NAME = "$(TARGET_NAME)";
				SWIFT_EMIT_LOC_STRINGS = NO;
				SWIFT_VERSION = 5.0;
				TARGETED_DEVICE_FAMILY = "1,2";
				TEST_HOST = "$(BUILT_PRODUCTS_DIR)/MyUIKit.app/$(BUNDLE_EXECUTABLE_FOLDER_PATH)/MyUIKit";
			};
			name = Debug;
		};
		56DE296C296AB934005F0587 /* Release */ = {
			isa = XCBuildConfiguration;
			buildSettings = {
				ALWAYS_EMBED_SWIFT_STANDARD_LIBRARIES = YES;
				BUNDLE_LOADER = "$(TEST_HOST)";
				CODE_SIGN_STYLE = Automatic;
				CURRENT_PROJECT_VERSION = 1;
				DEVELOPMENT_TEAM = LVBHWHTSNF;
				GENERATE_INFOPLIST_FILE = YES;
				IPHONEOS_DEPLOYMENT_TARGET = 16.2;
				MARKETING_VERSION = 1.0;
				PRODUCT_BUNDLE_IDENTIFIER = com.lee.MyUIKitTests;
				PRODUCT_NAME = "$(TARGET_NAME)";
				SWIFT_EMIT_LOC_STRINGS = NO;
				SWIFT_VERSION = 5.0;
				TARGETED_DEVICE_FAMILY = "1,2";
				TEST_HOST = "$(BUILT_PRODUCTS_DIR)/MyUIKit.app/$(BUNDLE_EXECUTABLE_FOLDER_PATH)/MyUIKit";
			};
			name = Release;
		};
		56DE296E296AB934005F0587 /* Debug */ = {
			isa = XCBuildConfiguration;
			buildSettings = {
				ALWAYS_EMBED_SWIFT_STANDARD_LIBRARIES = YES;
				CODE_SIGN_STYLE = Automatic;
				CURRENT_PROJECT_VERSION = 1;
				DEVELOPMENT_TEAM = LVBHWHTSNF;
				GENERATE_INFOPLIST_FILE = YES;
				MARKETING_VERSION = 1.0;
				PRODUCT_BUNDLE_IDENTIFIER = com.lee.MyUIKitUITests;
				PRODUCT_NAME = "$(TARGET_NAME)";
				SWIFT_EMIT_LOC_STRINGS = NO;
				SWIFT_VERSION = 5.0;
				TARGETED_DEVICE_FAMILY = "1,2";
				TEST_TARGET_NAME = MyUIKit;
			};
			name = Debug;
		};
		56DE296F296AB934005F0587 /* Release */ = {
			isa = XCBuildConfiguration;
			buildSettings = {
				ALWAYS_EMBED_SWIFT_STANDARD_LIBRARIES = YES;
				CODE_SIGN_STYLE = Automatic;
				CURRENT_PROJECT_VERSION = 1;
				DEVELOPMENT_TEAM = LVBHWHTSNF;
				GENERATE_INFOPLIST_FILE = YES;
				MARKETING_VERSION = 1.0;
				PRODUCT_BUNDLE_IDENTIFIER = com.lee.MyUIKitUITests;
				PRODUCT_NAME = "$(TARGET_NAME)";
				SWIFT_EMIT_LOC_STRINGS = NO;
				SWIFT_VERSION = 5.0;
				TARGETED_DEVICE_FAMILY = "1,2";
				TEST_TARGET_NAME = MyUIKit;
			};
			name = Release;
		};
/* End XCBuildConfiguration section */

/* Begin XCConfigurationList section */
		56DE2938296AB932005F0587 /* Build configuration list for PBXProject "MyUIKit" */ = {
			isa = XCConfigurationList;
			buildConfigurations = (
				56DE2965296AB934005F0587 /* Debug */,
				56DE2966296AB934005F0587 /* Release */,
			);
			defaultConfigurationIsVisible = 0;
			defaultConfigurationName = Release;
		};
		56DE2967296AB934005F0587 /* Build configuration list for PBXNativeTarget "MyUIKit" */ = {
			isa = XCConfigurationList;
			buildConfigurations = (
				56DE2968296AB934005F0587 /* Debug */,
				56DE2969296AB934005F0587 /* Release */,
			);
			defaultConfigurationIsVisible = 0;
			defaultConfigurationName = Release;
		};
		56DE296A296AB934005F0587 /* Build configuration list for PBXNativeTarget "MyUIKitTests" */ = {
			isa = XCConfigurationList;
			buildConfigurations = (
				56DE296B296AB934005F0587 /* Debug */,
				56DE296C296AB934005F0587 /* Release */,
			);
			defaultConfigurationIsVisible = 0;
			defaultConfigurationName = Release;
		};
		56DE296D296AB934005F0587 /* Build configuration list for PBXNativeTarget "MyUIKitUITests" */ = {
			isa = XCConfigurationList;
			buildConfigurations = (
				56DE296E296AB934005F0587 /* Debug */,
				56DE296F296AB934005F0587 /* Release */,
			);
			defaultConfigurationIsVisible = 0;
			defaultConfigurationName = Release;
		};
/* End XCConfigurationList section */
	};
	rootObject = 56DE2935296AB932005F0587 /* Project object */;
}
