// !$*UTF8*$!
{
	archiveVersion = 1;
	classes = {
	};
	objectVersion = 56;
	objects = {

/* Begin PBXBuildFile section */
		89235C7029288ACD001E71A9 /* SpacerContentView.swift in Sources */ = {isa = PBXBuildFile; fileRef = 89235C6F29288ACD001E71A9 /* SpacerContentView.swift */; };
		89235C7829288B31001E71A9 /* frameContentView.swift in Sources */ = {isa = PBXBuildFile; fileRef = 89235C7729288B31001E71A9 /* frameContentView.swift */; };
		89235C7A29288B3C001E71A9 /* paddingContentView.swift in Sources */ = {isa = PBXBuildFile; fileRef = 89235C7929288B3C001E71A9 /* paddingContentView.swift */; };
		89235C7C29288B47001E71A9 /* modifierContentView.swift in Sources */ = {isa = PBXBuildFile; fileRef = 89235C7B29288B47001E71A9 /* modifierContentView.swift */; };
		89235C7E29288B52001E71A9 /* StateContentView.swift in Sources */ = {isa = PBXBuildFile; fileRef = 89235C7D29288B52001E71A9 /* StateContentView.swift */; };
		89235C8029288B5F001E71A9 /* ViewContentView.swift in Sources */ = {isa = PBXBuildFile; fileRef = 89235C7F29288B5F001E71A9 /* ViewContentView.swift */; };
		89235C8229288B6B001E71A9 /* ColorContentView.swift in Sources */ = {isa = PBXBuildFile; fileRef = 89235C8129288B6B001E71A9 /* ColorContentView.swift */; };
		896AB5E52923E89F00A53478 /* week3App.swift in Sources */ = {isa = PBXBuildFile; fileRef = 896AB5E42923E89F00A53478 /* week3App.swift */; };
		896AB5E72923E89F00A53478 /* ContentView.swift in Sources */ = {isa = PBXBuildFile; fileRef = 896AB5E62923E89F00A53478 /* ContentView.swift */; };
		896AB5E92923E8A100A53478 /* Assets.xcassets in Resources */ = {isa = PBXBuildFile; fileRef = 896AB5E82923E8A100A53478 /* Assets.xcassets */; };
		896AB5EC2923E8A100A53478 /* Preview Assets.xcassets in Resources */ = {isa = PBXBuildFile; fileRef = 896AB5EB2923E8A100A53478 /* Preview Assets.xcassets */; };
/* End PBXBuildFile section */

/* Begin PBXFileReference section */
		89235C6F29288ACD001E71A9 /* SpacerContentView.swift */ = {isa = PBXFileReference; lastKnownFileType = sourcecode.swift; path = SpacerContentView.swift; sourceTree = "<group>"; };
		89235C7729288B31001E71A9 /* frameContentView.swift */ = {isa = PBXFileReference; lastKnownFileType = sourcecode.swift; path = frameContentView.swift; sourceTree = "<group>"; };
		89235C7929288B3C001E71A9 /* paddingContentView.swift */ = {isa = PBXFileReference; lastKnownFileType = sourcecode.swift; path = paddingContentView.swift; sourceTree = "<group>"; };
		89235C7B29288B47001E71A9 /* modifierContentView.swift */ = {isa = PBXFileReference; lastKnownFileType = sourcecode.swift; path = modifierContentView.swift; sourceTree = "<group>"; };
		89235C7D29288B52001E71A9 /* StateContentView.swift */ = {isa = PBXFileReference; lastKnownFileType = sourcecode.swift; path = StateContentView.swift; sourceTree = "<group>"; };
		89235C7F29288B5F001E71A9 /* ViewContentView.swift */ = {isa = PBXFileReference; lastKnownFileType = sourcecode.swift; path = ViewContentView.swift; sourceTree = "<group>"; };
		89235C8129288B6B001E71A9 /* ColorContentView.swift */ = {isa = PBXFileReference; lastKnownFileType = sourcecode.swift; path = ColorContentView.swift; sourceTree = "<group>"; };
		896AB5E12923E89F00A53478 /* week3.app */ = {isa = PBXFileReference; explicitFileType = wrapper.application; includeInIndex = 0; path = week3.app; sourceTree = BUILT_PRODUCTS_DIR; };
		896AB5E42923E89F00A53478 /* week3App.swift */ = {isa = PBXFileReference; lastKnownFileType = sourcecode.swift; path = week3App.swift; sourceTree = "<group>"; };
		896AB5E62923E89F00A53478 /* ContentView.swift */ = {isa = PBXFileReference; lastKnownFileType = sourcecode.swift; path = ContentView.swift; sourceTree = "<group>"; };
		896AB5E82923E8A100A53478 /* Assets.xcassets */ = {isa = PBXFileReference; lastKnownFileType = folder.assetcatalog; path = Assets.xcassets; sourceTree = "<group>"; };
		896AB5EB2923E8A100A53478 /* Preview Assets.xcassets */ = {isa = PBXFileReference; lastKnownFileType = folder.assetcatalog; path = "Preview Assets.xcassets"; sourceTree = "<group>"; };
/* End PBXFileReference section */

/* Begin PBXFrameworksBuildPhase section */
		896AB5DE2923E89F00A53478 /* Frameworks */ = {
			isa = PBXFrameworksBuildPhase;
			buildActionMask = 2147483647;
			files = (
			);
			runOnlyForDeploymentPostprocessing = 0;
		};
/* End PBXFrameworksBuildPhase section */

/* Begin PBXGroup section */
		89235C6E29288AB8001E71A9 /* Spacer */ = {
			isa = PBXGroup;
			children = (
				89235C6F29288ACD001E71A9 /* SpacerContentView.swift */,
			);
			path = Spacer;
			sourceTree = "<group>";
		};
		89235C7129288AD3001E71A9 /* Color */ = {
			isa = PBXGroup;
			children = (
				89235C8129288B6B001E71A9 /* ColorContentView.swift */,
			);
			path = Color;
			sourceTree = "<group>";
		};
		89235C7229288ADB001E71A9 /* View */ = {
			isa = PBXGroup;
			children = (
				89235C7F29288B5F001E71A9 /* ViewContentView.swift */,
			);
			path = View;
			sourceTree = "<group>";
		};
		89235C7329288AE1001E71A9 /* State */ = {
			isa = PBXGroup;
			children = (
				89235C7D29288B52001E71A9 /* StateContentView.swift */,
			);
			path = State;
			sourceTree = "<group>";
		};
		89235C7429288AEA001E71A9 /* modifier */ = {
			isa = PBXGroup;
			children = (
				89235C7B29288B47001E71A9 /* modifierContentView.swift */,
			);
			path = modifier;
			sourceTree = "<group>";
		};
		89235C7529288AF1001E71A9 /* padding */ = {
			isa = PBXGroup;
			children = (
				89235C7929288B3C001E71A9 /* paddingContentView.swift */,
			);
			path = padding;
			sourceTree = "<group>";
		};
		89235C7629288AF7001E71A9 /* frame */ = {
			isa = PBXGroup;
			children = (
				89235C7729288B31001E71A9 /* frameContentView.swift */,
			);
			path = frame;
			sourceTree = "<group>";
		};
		896AB5D82923E89F00A53478 = {
			isa = PBXGroup;
			children = (
				896AB5E32923E89F00A53478 /* week3 */,
				896AB5E22923E89F00A53478 /* Products */,
			);
			sourceTree = "<group>";
		};
		896AB5E22923E89F00A53478 /* Products */ = {
			isa = PBXGroup;
			children = (
				896AB5E12923E89F00A53478 /* week3.app */,
			);
			name = Products;
			sourceTree = "<group>";
		};
		896AB5E32923E89F00A53478 /* week3 */ = {
			isa = PBXGroup;
			children = (
				89235C7629288AF7001E71A9 /* frame */,
				89235C7529288AF1001E71A9 /* padding */,
				89235C7429288AEA001E71A9 /* modifier */,
				89235C7329288AE1001E71A9 /* State */,
				89235C7229288ADB001E71A9 /* View */,
				89235C7129288AD3001E71A9 /* Color */,
				89235C6E29288AB8001E71A9 /* Spacer */,
				896AB5E42923E89F00A53478 /* week3App.swift */,
				896AB5E62923E89F00A53478 /* ContentView.swift */,
				896AB5E82923E8A100A53478 /* Assets.xcassets */,
				896AB5EA2923E8A100A53478 /* Preview Content */,
			);
			path = week3;
			sourceTree = "<group>";
		};
		896AB5EA2923E8A100A53478 /* Preview Content */ = {
			isa = PBXGroup;
			children = (
				896AB5EB2923E8A100A53478 /* Preview Assets.xcassets */,
			);
			path = "Preview Content";
			sourceTree = "<group>";
		};
/* End PBXGroup section */

/* Begin PBXNativeTarget section */
		896AB5E02923E89F00A53478 /* week3 */ = {
			isa = PBXNativeTarget;
			buildConfigurationList = 896AB5EF2923E8A100A53478 /* Build configuration list for PBXNativeTarget "week3" */;
			buildPhases = (
				896AB5DD2923E89F00A53478 /* Sources */,
				896AB5DE2923E89F00A53478 /* Frameworks */,
				896AB5DF2923E89F00A53478 /* Resources */,
			);
			buildRules = (
			);
			dependencies = (
			);
			name = week3;
			productName = week3;
			productReference = 896AB5E12923E89F00A53478 /* week3.app */;
			productType = "com.apple.product-type.application";
		};
/* End PBXNativeTarget section */

/* Begin PBXProject section */
		896AB5D92923E89F00A53478 /* Project object */ = {
			isa = PBXProject;
			attributes = {
				BuildIndependentTargetsInParallel = 1;
				LastSwiftUpdateCheck = 1410;
				LastUpgradeCheck = 1410;
				TargetAttributes = {
					896AB5E02923E89F00A53478 = {
						CreatedOnToolsVersion = 14.1;
					};
				};
			};
			buildConfigurationList = 896AB5DC2923E89F00A53478 /* Build configuration list for PBXProject "week3" */;
			compatibilityVersion = "Xcode 14.0";
			developmentRegion = en;
			hasScannedForEncodings = 0;
			knownRegions = (
				en,
				Base,
			);
			mainGroup = 896AB5D82923E89F00A53478;
			productRefGroup = 896AB5E22923E89F00A53478 /* Products */;
			projectDirPath = "";
			projectRoot = "";
			targets = (
				896AB5E02923E89F00A53478 /* week3 */,
			);
		};
/* End PBXProject section */

/* Begin PBXResourcesBuildPhase section */
		896AB5DF2923E89F00A53478 /* Resources */ = {
			isa = PBXResourcesBuildPhase;
			buildActionMask = 2147483647;
			files = (
				896AB5EC2923E8A100A53478 /* Preview Assets.xcassets in Resources */,
				896AB5E92923E8A100A53478 /* Assets.xcassets in Resources */,
			);
			runOnlyForDeploymentPostprocessing = 0;
		};
/* End PBXResourcesBuildPhase section */

/* Begin PBXSourcesBuildPhase section */
		896AB5DD2923E89F00A53478 /* Sources */ = {
			isa = PBXSourcesBuildPhase;
			buildActionMask = 2147483647;
			files = (
				896AB5E72923E89F00A53478 /* ContentView.swift in Sources */,
				89235C8029288B5F001E71A9 /* ViewContentView.swift in Sources */,
				896AB5E52923E89F00A53478 /* week3App.swift in Sources */,
				89235C7A29288B3C001E71A9 /* paddingContentView.swift in Sources */,
				89235C8229288B6B001E71A9 /* ColorContentView.swift in Sources */,
				89235C7E29288B52001E71A9 /* StateContentView.swift in Sources */,
				89235C7C29288B47001E71A9 /* modifierContentView.swift in Sources */,
				89235C7829288B31001E71A9 /* frameContentView.swift in Sources */,
				89235C7029288ACD001E71A9 /* SpacerContentView.swift in Sources */,
			);
			runOnlyForDeploymentPostprocessing = 0;
		};
/* End PBXSourcesBuildPhase section */

/* Begin XCBuildConfiguration section */
		896AB5ED2923E8A100A53478 /* Debug */ = {
			isa = XCBuildConfiguration;
			buildSettings = {
				ALWAYS_SEARCH_USER_PATHS = NO;
				CLANG_ANALYZER_NONNULL = YES;
				CLANG_ANALYZER_NUMBER_OBJECT_CONVERSION = YES_AGGRESSIVE;
				CLANG_CXX_LANGUAGE_STANDARD = "gnu++20";
				CLANG_ENABLE_MODULES = YES;
				CLANG_ENABLE_OBJC_ARC = YES;
				CLANG_ENABLE_OBJC_WEAK = YES;
				CLANG_WARN_BLOCK_CAPTURE_AUTORELEASING = YES;
				CLANG_WARN_BOOL_CONVERSION = YES;
				CLANG_WARN_COMMA = YES;
				CLANG_WARN_CONSTANT_CONVERSION = YES;
				CLANG_WARN_DEPRECATED_OBJC_IMPLEMENTATIONS = YES;
				CLANG_WARN_DIRECT_OBJC_ISA_USAGE = YES_ERROR;
				CLANG_WARN_DOCUMENTATION_COMMENTS = YES;
				CLANG_WARN_EMPTY_BODY = YES;
				CLANG_WARN_ENUM_CONVERSION = YES;
				CLANG_WARN_INFINITE_RECURSION = YES;
				CLANG_WARN_INT_CONVERSION = YES;
				CLANG_WARN_NON_LITERAL_NULL_CONVERSION = YES;
				CLANG_WARN_OBJC_IMPLICIT_RETAIN_SELF = YES;
				CLANG_WARN_OBJC_LITERAL_CONVERSION = YES;
				CLANG_WARN_OBJC_ROOT_CLASS = YES_ERROR;
				CLANG_WARN_QUOTED_INCLUDE_IN_FRAMEWORK_HEADER = YES;
				CLANG_WARN_RANGE_LOOP_ANALYSIS = YES;
				CLANG_WARN_STRICT_PROTOTYPES = YES;
				CLANG_WARN_SUSPICIOUS_MOVE = YES;
				CLANG_WARN_UNGUARDED_AVAILABILITY = YES_AGGRESSIVE;
				CLANG_WARN_UNREACHABLE_CODE = YES;
				CLANG_WARN__DUPLICATE_METHOD_MATCH = YES;
				COPY_PHASE_STRIP = NO;
				DEBUG_INFORMATION_FORMAT = dwarf;
				ENABLE_STRICT_OBJC_MSGSEND = YES;
				ENABLE_TESTABILITY = YES;
				GCC_C_LANGUAGE_STANDARD = gnu11;
				GCC_DYNAMIC_NO_PIC = NO;
				GCC_NO_COMMON_BLOCKS = YES;
				GCC_OPTIMIZATION_LEVEL = 0;
				GCC_PREPROCESSOR_DEFINITIONS = (
					"DEBUG=1",
					"$(inherited)",
				);
				GCC_WARN_64_TO_32_BIT_CONVERSION = YES;
				GCC_WARN_ABOUT_RETURN_TYPE = YES_ERROR;
				GCC_WARN_UNDECLARED_SELECTOR = YES;
				GCC_WARN_UNINITIALIZED_AUTOS = YES_AGGRESSIVE;
				GCC_WARN_UNUSED_FUNCTION = YES;
				GCC_WARN_UNUSED_VARIABLE = YES;
				IPHONEOS_DEPLOYMENT_TARGET = 16.1;
				MTL_ENABLE_DEBUG_INFO = INCLUDE_SOURCE;
				MTL_FAST_MATH = YES;
				ONLY_ACTIVE_ARCH = YES;
				SDKROOT = iphoneos;
				SWIFT_ACTIVE_COMPILATION_CONDITIONS = DEBUG;
				SWIFT_OPTIMIZATION_LEVEL = "-Onone";
			};
			name = Debug;
		};
		896AB5EE2923E8A100A53478 /* Release */ = {
			isa = XCBuildConfiguration;
			buildSettings = {
				ALWAYS_SEARCH_USER_PATHS = NO;
				CLANG_ANALYZER_NONNULL = YES;
				CLANG_ANALYZER_NUMBER_OBJECT_CONVERSION = YES_AGGRESSIVE;
				CLANG_CXX_LANGUAGE_STANDARD = "gnu++20";
				CLANG_ENABLE_MODULES = YES;
				CLANG_ENABLE_OBJC_ARC = YES;
				CLANG_ENABLE_OBJC_WEAK = YES;
				CLANG_WARN_BLOCK_CAPTURE_AUTORELEASING = YES;
				CLANG_WARN_BOOL_CONVERSION = YES;
				CLANG_WARN_COMMA = YES;
				CLANG_WARN_CONSTANT_CONVERSION = YES;
				CLANG_WARN_DEPRECATED_OBJC_IMPLEMENTATIONS = YES;
				CLANG_WARN_DIRECT_OBJC_ISA_USAGE = YES_ERROR;
				CLANG_WARN_DOCUMENTATION_COMMENTS = YES;
				CLANG_WARN_EMPTY_BODY = YES;
				CLANG_WARN_ENUM_CONVERSION = YES;
				CLANG_WARN_INFINITE_RECURSION = YES;
				CLANG_WARN_INT_CONVERSION = YES;
				CLANG_WARN_NON_LITERAL_NULL_CONVERSION = YES;
				CLANG_WARN_OBJC_IMPLICIT_RETAIN_SELF = YES;
				CLANG_WARN_OBJC_LITERAL_CONVERSION = YES;
				CLANG_WARN_OBJC_ROOT_CLASS = YES_ERROR;
				CLANG_WARN_QUOTED_INCLUDE_IN_FRAMEWORK_HEADER = YES;
				CLANG_WARN_RANGE_LOOP_ANALYSIS = YES;
				CLANG_WARN_STRICT_PROTOTYPES = YES;
				CLANG_WARN_SUSPICIOUS_MOVE = YES;
				CLANG_WARN_UNGUARDED_AVAILABILITY = YES_AGGRESSIVE;
				CLANG_WARN_UNREACHABLE_CODE = YES;
				CLANG_WARN__DUPLICATE_METHOD_MATCH = YES;
				COPY_PHASE_STRIP = NO;
				DEBUG_INFORMATION_FORMAT = "dwarf-with-dsym";
				ENABLE_NS_ASSERTIONS = NO;
				ENABLE_STRICT_OBJC_MSGSEND = YES;
				GCC_C_LANGUAGE_STANDARD = gnu11;
				GCC_NO_COMMON_BLOCKS = YES;
				GCC_WARN_64_TO_32_BIT_CONVERSION = YES;
				GCC_WARN_ABOUT_RETURN_TYPE = YES_ERROR;
				GCC_WARN_UNDECLARED_SELECTOR = YES;
				GCC_WARN_UNINITIALIZED_AUTOS = YES_AGGRESSIVE;
				GCC_WARN_UNUSED_FUNCTION = YES;
				GCC_WARN_UNUSED_VARIABLE = YES;
				IPHONEOS_DEPLOYMENT_TARGET = 16.1;
				MTL_ENABLE_DEBUG_INFO = NO;
				MTL_FAST_MATH = YES;
				SDKROOT = iphoneos;
				SWIFT_COMPILATION_MODE = wholemodule;
				SWIFT_OPTIMIZATION_LEVEL = "-O";
				VALIDATE_PRODUCT = YES;
			};
			name = Release;
		};
		896AB5F02923E8A100A53478 /* Debug */ = {
			isa = XCBuildConfiguration;
			buildSettings = {
				ASSETCATALOG_COMPILER_APPICON_NAME = AppIcon;
				ASSETCATALOG_COMPILER_GLOBAL_ACCENT_COLOR_NAME = AccentColor;
				CODE_SIGN_STYLE = Automatic;
				CURRENT_PROJECT_VERSION = 1;
				DEVELOPMENT_ASSET_PATHS = "\"week3/Preview Content\"";
				DEVELOPMENT_TEAM = Y983H6TD8R;
				ENABLE_PREVIEWS = YES;
				GENERATE_INFOPLIST_FILE = YES;
				INFOPLIST_KEY_UIApplicationSceneManifest_Generation = YES;
				INFOPLIST_KEY_UIApplicationSupportsIndirectInputEvents = YES;
				INFOPLIST_KEY_UILaunchScreen_Generation = YES;
				INFOPLIST_KEY_UISupportedInterfaceOrientations_iPad = "UIInterfaceOrientationPortrait UIInterfaceOrientationPortraitUpsideDown UIInterfaceOrientationLandscapeLeft UIInterfaceOrientationLandscapeRight";
				INFOPLIST_KEY_UISupportedInterfaceOrientations_iPhone = "UIInterfaceOrientationPortrait UIInterfaceOrientationLandscapeLeft UIInterfaceOrientationLandscapeRight";
				LD_RUNPATH_SEARCH_PATHS = (
					"$(inherited)",
					"@executable_path/Frameworks",
				);
				MARKETING_VERSION = 1.0;
				PRODUCT_BUNDLE_IDENTIFIER = ryukyung.week3;
				PRODUCT_NAME = "$(TARGET_NAME)";
				SWIFT_EMIT_LOC_STRINGS = YES;
				SWIFT_VERSION = 5.0;
				TARGETED_DEVICE_FAMILY = "1,2";
			};
			name = Debug;
		};
		896AB5F12923E8A100A53478 /* Release */ = {
			isa = XCBuildConfiguration;
			buildSettings = {
				ASSETCATALOG_COMPILER_APPICON_NAME = AppIcon;
				ASSETCATALOG_COMPILER_GLOBAL_ACCENT_COLOR_NAME = AccentColor;
				CODE_SIGN_STYLE = Automatic;
				CURRENT_PROJECT_VERSION = 1;
				DEVELOPMENT_ASSET_PATHS = "\"week3/Preview Content\"";
				DEVELOPMENT_TEAM = Y983H6TD8R;
				ENABLE_PREVIEWS = YES;
				GENERATE_INFOPLIST_FILE = YES;
				INFOPLIST_KEY_UIApplicationSceneManifest_Generation = YES;
				INFOPLIST_KEY_UIApplicationSupportsIndirectInputEvents = YES;
				INFOPLIST_KEY_UILaunchScreen_Generation = YES;
				INFOPLIST_KEY_UISupportedInterfaceOrientations_iPad = "UIInterfaceOrientationPortrait UIInterfaceOrientationPortraitUpsideDown UIInterfaceOrientationLandscapeLeft UIInterfaceOrientationLandscapeRight";
				INFOPLIST_KEY_UISupportedInterfaceOrientations_iPhone = "UIInterfaceOrientationPortrait UIInterfaceOrientationLandscapeLeft UIInterfaceOrientationLandscapeRight";
				LD_RUNPATH_SEARCH_PATHS = (
					"$(inherited)",
					"@executable_path/Frameworks",
				);
				MARKETING_VERSION = 1.0;
				PRODUCT_BUNDLE_IDENTIFIER = ryukyung.week3;
				PRODUCT_NAME = "$(TARGET_NAME)";
				SWIFT_EMIT_LOC_STRINGS = YES;
				SWIFT_VERSION = 5.0;
				TARGETED_DEVICE_FAMILY = "1,2";
			};
			name = Release;
		};
/* End XCBuildConfiguration section */

/* Begin XCConfigurationList section */
		896AB5DC2923E89F00A53478 /* Build configuration list for PBXProject "week3" */ = {
			isa = XCConfigurationList;
			buildConfigurations = (
				896AB5ED2923E8A100A53478 /* Debug */,
				896AB5EE2923E8A100A53478 /* Release */,
			);
			defaultConfigurationIsVisible = 0;
			defaultConfigurationName = Release;
		};
		896AB5EF2923E8A100A53478 /* Build configuration list for PBXNativeTarget "week3" */ = {
			isa = XCConfigurationList;
			buildConfigurations = (
				896AB5F02923E8A100A53478 /* Debug */,
				896AB5F12923E8A100A53478 /* Release */,
			);
			defaultConfigurationIsVisible = 0;
			defaultConfigurationName = Release;
		};
/* End XCConfigurationList section */
	};
	rootObject = 896AB5D92923E89F00A53478 /* Project object */;
}
