// !$*UTF8*$!
{
	archiveVersion = 1;
	classes = {
	};
	objectVersion = 56;
	objects = {

/* Begin PBXBuildFile section */
		5639FB6D293307DB008532FA /* week4App.swift in Sources */ = {isa = PBXBuildFile; fileRef = 5639FB6C293307DB008532FA /* week4App.swift */; };
		5639FB6F293307DB008532FA /* ContentView.swift in Sources */ = {isa = PBXBuildFile; fileRef = 5639FB6E293307DB008532FA /* ContentView.swift */; };
		5639FB71293307DC008532FA /* Assets.xcassets in Resources */ = {isa = PBXBuildFile; fileRef = 5639FB70293307DC008532FA /* Assets.xcassets */; };
		5639FB74293307DC008532FA /* Preview Assets.xcassets in Resources */ = {isa = PBXBuildFile; fileRef = 5639FB73293307DC008532FA /* Preview Assets.xcassets */; };
		5639FB7E293307DC008532FA /* week4Tests.swift in Sources */ = {isa = PBXBuildFile; fileRef = 5639FB7D293307DC008532FA /* week4Tests.swift */; };
		5639FB88293307DC008532FA /* week4UITests.swift in Sources */ = {isa = PBXBuildFile; fileRef = 5639FB87293307DC008532FA /* week4UITests.swift */; };
		5639FB8A293307DC008532FA /* week4UITestsLaunchTests.swift in Sources */ = {isa = PBXBuildFile; fileRef = 5639FB89293307DC008532FA /* week4UITestsLaunchTests.swift */; };
/* End PBXBuildFile section */

/* Begin PBXContainerItemProxy section */
		5639FB7A293307DC008532FA /* PBXContainerItemProxy */ = {
			isa = PBXContainerItemProxy;
			containerPortal = 5639FB61293307DB008532FA /* Project object */;
			proxyType = 1;
			remoteGlobalIDString = 5639FB68293307DB008532FA;
			remoteInfo = week4;
		};
		5639FB84293307DC008532FA /* PBXContainerItemProxy */ = {
			isa = PBXContainerItemProxy;
			containerPortal = 5639FB61293307DB008532FA /* Project object */;
			proxyType = 1;
			remoteGlobalIDString = 5639FB68293307DB008532FA;
			remoteInfo = week4;
		};
/* End PBXContainerItemProxy section */

/* Begin PBXFileReference section */
		5639FB69293307DB008532FA /* week4.app */ = {isa = PBXFileReference; explicitFileType = wrapper.application; includeInIndex = 0; path = week4.app; sourceTree = BUILT_PRODUCTS_DIR; };
		5639FB6C293307DB008532FA /* week4App.swift */ = {isa = PBXFileReference; lastKnownFileType = sourcecode.swift; path = week4App.swift; sourceTree = "<group>"; };
		5639FB6E293307DB008532FA /* ContentView.swift */ = {isa = PBXFileReference; lastKnownFileType = sourcecode.swift; path = ContentView.swift; sourceTree = "<group>"; };
		5639FB70293307DC008532FA /* Assets.xcassets */ = {isa = PBXFileReference; lastKnownFileType = folder.assetcatalog; path = Assets.xcassets; sourceTree = "<group>"; };
		5639FB73293307DC008532FA /* Preview Assets.xcassets */ = {isa = PBXFileReference; lastKnownFileType = folder.assetcatalog; path = "Preview Assets.xcassets"; sourceTree = "<group>"; };
		5639FB79293307DC008532FA /* week4Tests.xctest */ = {isa = PBXFileReference; explicitFileType = wrapper.cfbundle; includeInIndex = 0; path = week4Tests.xctest; sourceTree = BUILT_PRODUCTS_DIR; };
		5639FB7D293307DC008532FA /* week4Tests.swift */ = {isa = PBXFileReference; lastKnownFileType = sourcecode.swift; path = week4Tests.swift; sourceTree = "<group>"; };
		5639FB83293307DC008532FA /* week4UITests.xctest */ = {isa = PBXFileReference; explicitFileType = wrapper.cfbundle; includeInIndex = 0; path = week4UITests.xctest; sourceTree = BUILT_PRODUCTS_DIR; };
		5639FB87293307DC008532FA /* week4UITests.swift */ = {isa = PBXFileReference; lastKnownFileType = sourcecode.swift; path = week4UITests.swift; sourceTree = "<group>"; };
		5639FB89293307DC008532FA /* week4UITestsLaunchTests.swift */ = {isa = PBXFileReference; lastKnownFileType = sourcecode.swift; path = week4UITestsLaunchTests.swift; sourceTree = "<group>"; };
/* End PBXFileReference section */

/* Begin PBXFrameworksBuildPhase section */
		5639FB66293307DB008532FA /* Frameworks */ = {
			isa = PBXFrameworksBuildPhase;
			buildActionMask = 2147483647;
			files = (
			);
			runOnlyForDeploymentPostprocessing = 0;
		};
		5639FB76293307DC008532FA /* Frameworks */ = {
			isa = PBXFrameworksBuildPhase;
			buildActionMask = 2147483647;
			files = (
			);
			runOnlyForDeploymentPostprocessing = 0;
		};
		5639FB80293307DC008532FA /* Frameworks */ = {
			isa = PBXFrameworksBuildPhase;
			buildActionMask = 2147483647;
			files = (
			);
			runOnlyForDeploymentPostprocessing = 0;
		};
/* End PBXFrameworksBuildPhase section */

/* Begin PBXGroup section */
		5639FB60293307DB008532FA = {
			isa = PBXGroup;
			children = (
				5639FB6B293307DB008532FA /* week4 */,
				5639FB7C293307DC008532FA /* week4Tests */,
				5639FB86293307DC008532FA /* week4UITests */,
				5639FB6A293307DB008532FA /* Products */,
			);
			sourceTree = "<group>";
		};
		5639FB6A293307DB008532FA /* Products */ = {
			isa = PBXGroup;
			children = (
				5639FB69293307DB008532FA /* week4.app */,
				5639FB79293307DC008532FA /* week4Tests.xctest */,
				5639FB83293307DC008532FA /* week4UITests.xctest */,
			);
			name = Products;
			sourceTree = "<group>";
		};
		5639FB6B293307DB008532FA /* week4 */ = {
			isa = PBXGroup;
			children = (
				5639FB6C293307DB008532FA /* week4App.swift */,
				5639FB6E293307DB008532FA /* ContentView.swift */,
				5639FB70293307DC008532FA /* Assets.xcassets */,
				5639FB72293307DC008532FA /* Preview Content */,
			);
			path = week4;
			sourceTree = "<group>";
		};
		5639FB72293307DC008532FA /* Preview Content */ = {
			isa = PBXGroup;
			children = (
				5639FB73293307DC008532FA /* Preview Assets.xcassets */,
			);
			path = "Preview Content";
			sourceTree = "<group>";
		};
		5639FB7C293307DC008532FA /* week4Tests */ = {
			isa = PBXGroup;
			children = (
				5639FB7D293307DC008532FA /* week4Tests.swift */,
			);
			path = week4Tests;
			sourceTree = "<group>";
		};
		5639FB86293307DC008532FA /* week4UITests */ = {
			isa = PBXGroup;
			children = (
				5639FB87293307DC008532FA /* week4UITests.swift */,
				5639FB89293307DC008532FA /* week4UITestsLaunchTests.swift */,
			);
			path = week4UITests;
			sourceTree = "<group>";
		};
/* End PBXGroup section */

/* Begin PBXNativeTarget section */
		5639FB68293307DB008532FA /* week4 */ = {
			isa = PBXNativeTarget;
			buildConfigurationList = 5639FB8D293307DC008532FA /* Build configuration list for PBXNativeTarget "week4" */;
			buildPhases = (
				5639FB65293307DB008532FA /* Sources */,
				5639FB66293307DB008532FA /* Frameworks */,
				5639FB67293307DB008532FA /* Resources */,
			);
			buildRules = (
			);
			dependencies = (
			);
			name = week4;
			productName = week4;
			productReference = 5639FB69293307DB008532FA /* week4.app */;
			productType = "com.apple.product-type.application";
		};
		5639FB78293307DC008532FA /* week4Tests */ = {
			isa = PBXNativeTarget;
			buildConfigurationList = 5639FB90293307DC008532FA /* Build configuration list for PBXNativeTarget "week4Tests" */;
			buildPhases = (
				5639FB75293307DC008532FA /* Sources */,
				5639FB76293307DC008532FA /* Frameworks */,
				5639FB77293307DC008532FA /* Resources */,
			);
			buildRules = (
			);
			dependencies = (
				5639FB7B293307DC008532FA /* PBXTargetDependency */,
			);
			name = week4Tests;
			productName = week4Tests;
			productReference = 5639FB79293307DC008532FA /* week4Tests.xctest */;
			productType = "com.apple.product-type.bundle.unit-test";
		};
		5639FB82293307DC008532FA /* week4UITests */ = {
			isa = PBXNativeTarget;
			buildConfigurationList = 5639FB93293307DC008532FA /* Build configuration list for PBXNativeTarget "week4UITests" */;
			buildPhases = (
				5639FB7F293307DC008532FA /* Sources */,
				5639FB80293307DC008532FA /* Frameworks */,
				5639FB81293307DC008532FA /* Resources */,
			);
			buildRules = (
			);
			dependencies = (
				5639FB85293307DC008532FA /* PBXTargetDependency */,
			);
			name = week4UITests;
			productName = week4UITests;
			productReference = 5639FB83293307DC008532FA /* week4UITests.xctest */;
			productType = "com.apple.product-type.bundle.ui-testing";
		};
/* End PBXNativeTarget section */

/* Begin PBXProject section */
		5639FB61293307DB008532FA /* Project object */ = {
			isa = PBXProject;
			attributes = {
				BuildIndependentTargetsInParallel = 1;
				LastSwiftUpdateCheck = 1410;
				LastUpgradeCheck = 1410;
				TargetAttributes = {
					5639FB68293307DB008532FA = {
						CreatedOnToolsVersion = 14.1;
					};
					5639FB78293307DC008532FA = {
						CreatedOnToolsVersion = 14.1;
						TestTargetID = 5639FB68293307DB008532FA;
					};
					5639FB82293307DC008532FA = {
						CreatedOnToolsVersion = 14.1;
						TestTargetID = 5639FB68293307DB008532FA;
					};
				};
			};
			buildConfigurationList = 5639FB64293307DB008532FA /* Build configuration list for PBXProject "week4" */;
			compatibilityVersion = "Xcode 14.0";
			developmentRegion = en;
			hasScannedForEncodings = 0;
			knownRegions = (
				en,
				Base,
			);
			mainGroup = 5639FB60293307DB008532FA;
			productRefGroup = 5639FB6A293307DB008532FA /* Products */;
			projectDirPath = "";
			projectRoot = "";
			targets = (
				5639FB68293307DB008532FA /* week4 */,
				5639FB78293307DC008532FA /* week4Tests */,
				5639FB82293307DC008532FA /* week4UITests */,
			);
		};
/* End PBXProject section */

/* Begin PBXResourcesBuildPhase section */
		5639FB67293307DB008532FA /* Resources */ = {
			isa = PBXResourcesBuildPhase;
			buildActionMask = 2147483647;
			files = (
				5639FB74293307DC008532FA /* Preview Assets.xcassets in Resources */,
				5639FB71293307DC008532FA /* Assets.xcassets in Resources */,
			);
			runOnlyForDeploymentPostprocessing = 0;
		};
		5639FB77293307DC008532FA /* Resources */ = {
			isa = PBXResourcesBuildPhase;
			buildActionMask = 2147483647;
			files = (
			);
			runOnlyForDeploymentPostprocessing = 0;
		};
		5639FB81293307DC008532FA /* Resources */ = {
			isa = PBXResourcesBuildPhase;
			buildActionMask = 2147483647;
			files = (
			);
			runOnlyForDeploymentPostprocessing = 0;
		};
/* End PBXResourcesBuildPhase section */

/* Begin PBXSourcesBuildPhase section */
		5639FB65293307DB008532FA /* Sources */ = {
			isa = PBXSourcesBuildPhase;
			buildActionMask = 2147483647;
			files = (
				5639FB6F293307DB008532FA /* ContentView.swift in Sources */,
				5639FB6D293307DB008532FA /* week4App.swift in Sources */,
			);
			runOnlyForDeploymentPostprocessing = 0;
		};
		5639FB75293307DC008532FA /* Sources */ = {
			isa = PBXSourcesBuildPhase;
			buildActionMask = 2147483647;
			files = (
				5639FB7E293307DC008532FA /* week4Tests.swift in Sources */,
			);
			runOnlyForDeploymentPostprocessing = 0;
		};
		5639FB7F293307DC008532FA /* Sources */ = {
			isa = PBXSourcesBuildPhase;
			buildActionMask = 2147483647;
			files = (
				5639FB88293307DC008532FA /* week4UITests.swift in Sources */,
				5639FB8A293307DC008532FA /* week4UITestsLaunchTests.swift in Sources */,
			);
			runOnlyForDeploymentPostprocessing = 0;
		};
/* End PBXSourcesBuildPhase section */

/* Begin PBXTargetDependency section */
		5639FB7B293307DC008532FA /* PBXTargetDependency */ = {
			isa = PBXTargetDependency;
			target = 5639FB68293307DB008532FA /* week4 */;
			targetProxy = 5639FB7A293307DC008532FA /* PBXContainerItemProxy */;
		};
		5639FB85293307DC008532FA /* PBXTargetDependency */ = {
			isa = PBXTargetDependency;
			target = 5639FB68293307DB008532FA /* week4 */;
			targetProxy = 5639FB84293307DC008532FA /* PBXContainerItemProxy */;
		};
/* End PBXTargetDependency section */

/* Begin XCBuildConfiguration section */
		5639FB8B293307DC008532FA /* Debug */ = {
			isa = XCBuildConfiguration;
			buildSettings = {
				ALWAYS_SEARCH_USER_PATHS = NO;
				CLANG_ANALYZER_NONNULL = YES;
				CLANG_ANALYZER_NUMBER_OBJECT_CONVERSION = YES_AGGRESSIVE;
				CLANG_CXX_LANGUAGE_STANDARD = "gnu++20";
				CLANG_ENABLE_MODULES = YES;
				CLANG_ENABLE_OBJC_ARC = YES;
				CLANG_ENABLE_OBJC_WEAK = YES;
				CLANG_WARN_BLOCK_CAPTURE_AUTORELEASING = YES;
				CLANG_WARN_BOOL_CONVERSION = YES;
				CLANG_WARN_COMMA = YES;
				CLANG_WARN_CONSTANT_CONVERSION = YES;
				CLANG_WARN_DEPRECATED_OBJC_IMPLEMENTATIONS = YES;
				CLANG_WARN_DIRECT_OBJC_ISA_USAGE = YES_ERROR;
				CLANG_WARN_DOCUMENTATION_COMMENTS = YES;
				CLANG_WARN_EMPTY_BODY = YES;
				CLANG_WARN_ENUM_CONVERSION = YES;
				CLANG_WARN_INFINITE_RECURSION = YES;
				CLANG_WARN_INT_CONVERSION = YES;
				CLANG_WARN_NON_LITERAL_NULL_CONVERSION = YES;
				CLANG_WARN_OBJC_IMPLICIT_RETAIN_SELF = YES;
				CLANG_WARN_OBJC_LITERAL_CONVERSION = YES;
				CLANG_WARN_OBJC_ROOT_CLASS = YES_ERROR;
				CLANG_WARN_QUOTED_INCLUDE_IN_FRAMEWORK_HEADER = YES;
				CLANG_WARN_RANGE_LOOP_ANALYSIS = YES;
				CLANG_WARN_STRICT_PROTOTYPES = YES;
				CLANG_WARN_SUSPICIOUS_MOVE = YES;
				CLANG_WARN_UNGUARDED_AVAILABILITY = YES_AGGRESSIVE;
				CLANG_WARN_UNREACHABLE_CODE = YES;
				CLANG_WARN__DUPLICATE_METHOD_MATCH = YES;
				COPY_PHASE_STRIP = NO;
				DEBUG_INFORMATION_FORMAT = dwarf;
				ENABLE_STRICT_OBJC_MSGSEND = YES;
				ENABLE_TESTABILITY = YES;
				GCC_C_LANGUAGE_STANDARD = gnu11;
				GCC_DYNAMIC_NO_PIC = NO;
				GCC_NO_COMMON_BLOCKS = YES;
				GCC_OPTIMIZATION_LEVEL = 0;
				GCC_PREPROCESSOR_DEFINITIONS = (
					"DEBUG=1",
					"$(inherited)",
				);
				GCC_WARN_64_TO_32_BIT_CONVERSION = YES;
				GCC_WARN_ABOUT_RETURN_TYPE = YES_ERROR;
				GCC_WARN_UNDECLARED_SELECTOR = YES;
				GCC_WARN_UNINITIALIZED_AUTOS = YES_AGGRESSIVE;
				GCC_WARN_UNUSED_FUNCTION = YES;
				GCC_WARN_UNUSED_VARIABLE = YES;
				IPHONEOS_DEPLOYMENT_TARGET = 16.1;
				MTL_ENABLE_DEBUG_INFO = INCLUDE_SOURCE;
				MTL_FAST_MATH = YES;
				ONLY_ACTIVE_ARCH = YES;
				SDKROOT = iphoneos;
				SWIFT_ACTIVE_COMPILATION_CONDITIONS = DEBUG;
				SWIFT_OPTIMIZATION_LEVEL = "-Onone";
			};
			name = Debug;
		};
		5639FB8C293307DC008532FA /* Release */ = {
			isa = XCBuildConfiguration;
			buildSettings = {
				ALWAYS_SEARCH_USER_PATHS = NO;
				CLANG_ANALYZER_NONNULL = YES;
				CLANG_ANALYZER_NUMBER_OBJECT_CONVERSION = YES_AGGRESSIVE;
				CLANG_CXX_LANGUAGE_STANDARD = "gnu++20";
				CLANG_ENABLE_MODULES = YES;
				CLANG_ENABLE_OBJC_ARC = YES;
				CLANG_ENABLE_OBJC_WEAK = YES;
				CLANG_WARN_BLOCK_CAPTURE_AUTORELEASING = YES;
				CLANG_WARN_BOOL_CONVERSION = YES;
				CLANG_WARN_COMMA = YES;
				CLANG_WARN_CONSTANT_CONVERSION = YES;
				CLANG_WARN_DEPRECATED_OBJC_IMPLEMENTATIONS = YES;
				CLANG_WARN_DIRECT_OBJC_ISA_USAGE = YES_ERROR;
				CLANG_WARN_DOCUMENTATION_COMMENTS = YES;
				CLANG_WARN_EMPTY_BODY = YES;
				CLANG_WARN_ENUM_CONVERSION = YES;
				CLANG_WARN_INFINITE_RECURSION = YES;
				CLANG_WARN_INT_CONVERSION = YES;
				CLANG_WARN_NON_LITERAL_NULL_CONVERSION = YES;
				CLANG_WARN_OBJC_IMPLICIT_RETAIN_SELF = YES;
				CLANG_WARN_OBJC_LITERAL_CONVERSION = YES;
				CLANG_WARN_OBJC_ROOT_CLASS = YES_ERROR;
				CLANG_WARN_QUOTED_INCLUDE_IN_FRAMEWORK_HEADER = YES;
				CLANG_WARN_RANGE_LOOP_ANALYSIS = YES;
				CLANG_WARN_STRICT_PROTOTYPES = YES;
				CLANG_WARN_SUSPICIOUS_MOVE = YES;
				CLANG_WARN_UNGUARDED_AVAILABILITY = YES_AGGRESSIVE;
				CLANG_WARN_UNREACHABLE_CODE = YES;
				CLANG_WARN__DUPLICATE_METHOD_MATCH = YES;
				COPY_PHASE_STRIP = NO;
				DEBUG_INFORMATION_FORMAT = "dwarf-with-dsym";
				ENABLE_NS_ASSERTIONS = NO;
				ENABLE_STRICT_OBJC_MSGSEND = YES;
				GCC_C_LANGUAGE_STANDARD = gnu11;
				GCC_NO_COMMON_BLOCKS = YES;
				GCC_WARN_64_TO_32_BIT_CONVERSION = YES;
				GCC_WARN_ABOUT_RETURN_TYPE = YES_ERROR;
				GCC_WARN_UNDECLARED_SELECTOR = YES;
				GCC_WARN_UNINITIALIZED_AUTOS = YES_AGGRESSIVE;
				GCC_WARN_UNUSED_FUNCTION = YES;
				GCC_WARN_UNUSED_VARIABLE = YES;
				IPHONEOS_DEPLOYMENT_TARGET = 16.1;
				MTL_ENABLE_DEBUG_INFO = NO;
				MTL_FAST_MATH = YES;
				SDKROOT = iphoneos;
				SWIFT_COMPILATION_MODE = wholemodule;
				SWIFT_OPTIMIZATION_LEVEL = "-O";
				VALIDATE_PRODUCT = YES;
			};
			name = Release;
		};
		5639FB8E293307DC008532FA /* Debug */ = {
			isa = XCBuildConfiguration;
			buildSettings = {
				ASSETCATALOG_COMPILER_APPICON_NAME = AppIcon;
				ASSETCATALOG_COMPILER_GLOBAL_ACCENT_COLOR_NAME = AccentColor;
				CODE_SIGN_STYLE = Automatic;
				CURRENT_PROJECT_VERSION = 1;
				DEVELOPMENT_ASSET_PATHS = "\"week4/Preview Content\"";
				DEVELOPMENT_TEAM = LVBHWHTSNF;
				ENABLE_PREVIEWS = YES;
				GENERATE_INFOPLIST_FILE = YES;
				INFOPLIST_KEY_UIApplicationSceneManifest_Generation = YES;
				INFOPLIST_KEY_UIApplicationSupportsIndirectInputEvents = YES;
				INFOPLIST_KEY_UILaunchScreen_Generation = YES;
				INFOPLIST_KEY_UISupportedInterfaceOrientations_iPad = "UIInterfaceOrientationPortrait UIInterfaceOrientationPortraitUpsideDown UIInterfaceOrientationLandscapeLeft UIInterfaceOrientationLandscapeRight";
				INFOPLIST_KEY_UISupportedInterfaceOrientations_iPhone = "UIInterfaceOrientationPortrait UIInterfaceOrientationLandscapeLeft UIInterfaceOrientationLandscapeRight";
				LD_RUNPATH_SEARCH_PATHS = (
					"$(inherited)",
					"@executable_path/Frameworks",
				);
				MARKETING_VERSION = 1.0;
				PRODUCT_BUNDLE_IDENTIFIER = com.lee.week4;
				PRODUCT_NAME = "$(TARGET_NAME)";
				SWIFT_EMIT_LOC_STRINGS = YES;
				SWIFT_VERSION = 5.0;
				TARGETED_DEVICE_FAMILY = "1,2";
			};
			name = Debug;
		};
		5639FB8F293307DC008532FA /* Release */ = {
			isa = XCBuildConfiguration;
			buildSettings = {
				ASSETCATALOG_COMPILER_APPICON_NAME = AppIcon;
				ASSETCATALOG_COMPILER_GLOBAL_ACCENT_COLOR_NAME = AccentColor;
				CODE_SIGN_STYLE = Automatic;
				CURRENT_PROJECT_VERSION = 1;
				DEVELOPMENT_ASSET_PATHS = "\"week4/Preview Content\"";
				DEVELOPMENT_TEAM = LVBHWHTSNF;
				ENABLE_PREVIEWS = YES;
				GENERATE_INFOPLIST_FILE = YES;
				INFOPLIST_KEY_UIApplicationSceneManifest_Generation = YES;
				INFOPLIST_KEY_UIApplicationSupportsIndirectInputEvents = YES;
				INFOPLIST_KEY_UILaunchScreen_Generation = YES;
				INFOPLIST_KEY_UISupportedInterfaceOrientations_iPad = "UIInterfaceOrientationPortrait UIInterfaceOrientationPortraitUpsideDown UIInterfaceOrientationLandscapeLeft UIInterfaceOrientationLandscapeRight";
				INFOPLIST_KEY_UISupportedInterfaceOrientations_iPhone = "UIInterfaceOrientationPortrait UIInterfaceOrientationLandscapeLeft UIInterfaceOrientationLandscapeRight";
				LD_RUNPATH_SEARCH_PATHS = (
					"$(inherited)",
					"@executable_path/Frameworks",
				);
				MARKETING_VERSION = 1.0;
				PRODUCT_BUNDLE_IDENTIFIER = com.lee.week4;
				PRODUCT_NAME = "$(TARGET_NAME)";
				SWIFT_EMIT_LOC_STRINGS = YES;
				SWIFT_VERSION = 5.0;
				TARGETED_DEVICE_FAMILY = "1,2";
			};
			name = Release;
		};
		5639FB91293307DC008532FA /* Debug */ = {
			isa = XCBuildConfiguration;
			buildSettings = {
				ALWAYS_EMBED_SWIFT_STANDARD_LIBRARIES = YES;
				BUNDLE_LOADER = "$(TEST_HOST)";
				CODE_SIGN_STYLE = Automatic;
				CURRENT_PROJECT_VERSION = 1;
				DEVELOPMENT_TEAM = LVBHWHTSNF;
				GENERATE_INFOPLIST_FILE = YES;
				IPHONEOS_DEPLOYMENT_TARGET = 16.1;
				MARKETING_VERSION = 1.0;
				PRODUCT_BUNDLE_IDENTIFIER = com.lee.week4Tests;
				PRODUCT_NAME = "$(TARGET_NAME)";
				SWIFT_EMIT_LOC_STRINGS = NO;
				SWIFT_VERSION = 5.0;
				TARGETED_DEVICE_FAMILY = "1,2";
				TEST_HOST = "$(BUILT_PRODUCTS_DIR)/week4.app/$(BUNDLE_EXECUTABLE_FOLDER_PATH)/week4";
			};
			name = Debug;
		};
		5639FB92293307DC008532FA /* Release */ = {
			isa = XCBuildConfiguration;
			buildSettings = {
				ALWAYS_EMBED_SWIFT_STANDARD_LIBRARIES = YES;
				BUNDLE_LOADER = "$(TEST_HOST)";
				CODE_SIGN_STYLE = Automatic;
				CURRENT_PROJECT_VERSION = 1;
				DEVELOPMENT_TEAM = LVBHWHTSNF;
				GENERATE_INFOPLIST_FILE = YES;
				IPHONEOS_DEPLOYMENT_TARGET = 16.1;
				MARKETING_VERSION = 1.0;
				PRODUCT_BUNDLE_IDENTIFIER = com.lee.week4Tests;
				PRODUCT_NAME = "$(TARGET_NAME)";
				SWIFT_EMIT_LOC_STRINGS = NO;
				SWIFT_VERSION = 5.0;
				TARGETED_DEVICE_FAMILY = "1,2";
				TEST_HOST = "$(BUILT_PRODUCTS_DIR)/week4.app/$(BUNDLE_EXECUTABLE_FOLDER_PATH)/week4";
			};
			name = Release;
		};
		5639FB94293307DC008532FA /* Debug */ = {
			isa = XCBuildConfiguration;
			buildSettings = {
				ALWAYS_EMBED_SWIFT_STANDARD_LIBRARIES = YES;
				CODE_SIGN_STYLE = Automatic;
				CURRENT_PROJECT_VERSION = 1;
				DEVELOPMENT_TEAM = LVBHWHTSNF;
				GENERATE_INFOPLIST_FILE = YES;
				MARKETING_VERSION = 1.0;
				PRODUCT_BUNDLE_IDENTIFIER = com.lee.week4UITests;
				PRODUCT_NAME = "$(TARGET_NAME)";
				SWIFT_EMIT_LOC_STRINGS = NO;
				SWIFT_VERSION = 5.0;
				TARGETED_DEVICE_FAMILY = "1,2";
				TEST_TARGET_NAME = week4;
			};
			name = Debug;
		};
		5639FB95293307DC008532FA /* Release */ = {
			isa = XCBuildConfiguration;
			buildSettings = {
				ALWAYS_EMBED_SWIFT_STANDARD_LIBRARIES = YES;
				CODE_SIGN_STYLE = Automatic;
				CURRENT_PROJECT_VERSION = 1;
				DEVELOPMENT_TEAM = LVBHWHTSNF;
				GENERATE_INFOPLIST_FILE = YES;
				MARKETING_VERSION = 1.0;
				PRODUCT_BUNDLE_IDENTIFIER = com.lee.week4UITests;
				PRODUCT_NAME = "$(TARGET_NAME)";
				SWIFT_EMIT_LOC_STRINGS = NO;
				SWIFT_VERSION = 5.0;
				TARGETED_DEVICE_FAMILY = "1,2";
				TEST_TARGET_NAME = week4;
			};
			name = Release;
		};
/* End XCBuildConfiguration section */

/* Begin XCConfigurationList section */
		5639FB64293307DB008532FA /* Build configuration list for PBXProject "week4" */ = {
			isa = XCConfigurationList;
			buildConfigurations = (
				5639FB8B293307DC008532FA /* Debug */,
				5639FB8C293307DC008532FA /* Release */,
			);
			defaultConfigurationIsVisible = 0;
			defaultConfigurationName = Release;
		};
		5639FB8D293307DC008532FA /* Build configuration list for PBXNativeTarget "week4" */ = {
			isa = XCConfigurationList;
			buildConfigurations = (
				5639FB8E293307DC008532FA /* Debug */,
				5639FB8F293307DC008532FA /* Release */,
			);
			defaultConfigurationIsVisible = 0;
			defaultConfigurationName = Release;
		};
		5639FB90293307DC008532FA /* Build configuration list for PBXNativeTarget "week4Tests" */ = {
			isa = XCConfigurationList;
			buildConfigurations = (
				5639FB91293307DC008532FA /* Debug */,
				5639FB92293307DC008532FA /* Release */,
			);
			defaultConfigurationIsVisible = 0;
			defaultConfigurationName = Release;
		};
		5639FB93293307DC008532FA /* Build configuration list for PBXNativeTarget "week4UITests" */ = {
			isa = XCConfigurationList;
			buildConfigurations = (
				5639FB94293307DC008532FA /* Debug */,
				5639FB95293307DC008532FA /* Release */,
			);
			defaultConfigurationIsVisible = 0;
			defaultConfigurationName = Release;
		};
/* End XCConfigurationList section */
	};
	rootObject = 5639FB61293307DB008532FA /* Project object */;
}
