// !$*UTF8*$!
{
	archiveVersion = 1;
	classes = {
	};
	objectVersion = 56;
	objects = {

/* Begin PBXBuildFile section */
		56A8AECA2939FD4A00568FDE /* MySecureField.swift in Sources */ = {isa = PBXBuildFile; fileRef = 56A8AEC92939FD4A00568FDE /* MySecureField.swift */; };
		56A8AECC293A040700568FDE /* MyProgressView.swift in Sources */ = {isa = PBXBuildFile; fileRef = 56A8AECB293A040700568FDE /* MyProgressView.swift */; };
		56A8AECE293A07E200568FDE /* MyLabel.swift in Sources */ = {isa = PBXBuildFile; fileRef = 56A8AECD293A07E200568FDE /* MyLabel.swift */; };
		56A8AED0293A0AA700568FDE /* MyNavigationView.swift in Sources */ = {isa = PBXBuildFile; fileRef = 56A8AECF293A0AA700568FDE /* MyNavigationView.swift */; };
		56A8AED2293A0EC800568FDE /* MyNavigationStack.swift in Sources */ = {isa = PBXBuildFile; fileRef = 56A8AED1293A0EC700568FDE /* MyNavigationStack.swift */; };
		56A8AED4293A1BAA00568FDE /* MyOnAppear.swift in Sources */ = {isa = PBXBuildFile; fileRef = 56A8AED3293A1BAA00568FDE /* MyOnAppear.swift */; };
		56A8AED7293A281F00568FDE /* MySecondProject.swift in Sources */ = {isa = PBXBuildFile; fileRef = 56A8AED6293A281F00568FDE /* MySecondProject.swift */; };
		56C250832935ECC1004EB9A1 /* MySwiftUIApp.swift in Sources */ = {isa = PBXBuildFile; fileRef = 56C250822935ECC1004EB9A1 /* MySwiftUIApp.swift */; };
		56C250852935ECC1004EB9A1 /* ContentView.swift in Sources */ = {isa = PBXBuildFile; fileRef = 56C250842935ECC1004EB9A1 /* ContentView.swift */; };
		56C250872935ECC1004EB9A1 /* Assets.xcassets in Resources */ = {isa = PBXBuildFile; fileRef = 56C250862935ECC1004EB9A1 /* Assets.xcassets */; };
		56C2508A2935ECC1004EB9A1 /* Preview Assets.xcassets in Resources */ = {isa = PBXBuildFile; fileRef = 56C250892935ECC1004EB9A1 /* Preview Assets.xcassets */; };
		56C250942935ECC2004EB9A1 /* MySwiftUITests.swift in Sources */ = {isa = PBXBuildFile; fileRef = 56C250932935ECC2004EB9A1 /* MySwiftUITests.swift */; };
		56C2509E2935ECC2004EB9A1 /* MySwiftUIUITests.swift in Sources */ = {isa = PBXBuildFile; fileRef = 56C2509D2935ECC2004EB9A1 /* MySwiftUIUITests.swift */; };
		56C250A02935ECC2004EB9A1 /* MySwiftUIUITestsLaunchTests.swift in Sources */ = {isa = PBXBuildFile; fileRef = 56C2509F2935ECC2004EB9A1 /* MySwiftUIUITestsLaunchTests.swift */; };
/* End PBXBuildFile section */

/* Begin PBXContainerItemProxy section */
		56C250902935ECC2004EB9A1 /* PBXContainerItemProxy */ = {
			isa = PBXContainerItemProxy;
			containerPortal = 56C250772935ECC1004EB9A1 /* Project object */;
			proxyType = 1;
			remoteGlobalIDString = 56C2507E2935ECC1004EB9A1;
			remoteInfo = MySwiftUI;
		};
		56C2509A2935ECC2004EB9A1 /* PBXContainerItemProxy */ = {
			isa = PBXContainerItemProxy;
			containerPortal = 56C250772935ECC1004EB9A1 /* Project object */;
			proxyType = 1;
			remoteGlobalIDString = 56C2507E2935ECC1004EB9A1;
			remoteInfo = MySwiftUI;
		};
/* End PBXContainerItemProxy section */

/* Begin PBXFileReference section */
		56A8AEC92939FD4A00568FDE /* MySecureField.swift */ = {isa = PBXFileReference; lastKnownFileType = sourcecode.swift; path = MySecureField.swift; sourceTree = "<group>"; };
		56A8AECB293A040700568FDE /* MyProgressView.swift */ = {isa = PBXFileReference; lastKnownFileType = sourcecode.swift; path = MyProgressView.swift; sourceTree = "<group>"; };
		56A8AECD293A07E200568FDE /* MyLabel.swift */ = {isa = PBXFileReference; lastKnownFileType = sourcecode.swift; path = MyLabel.swift; sourceTree = "<group>"; };
		56A8AECF293A0AA700568FDE /* MyNavigationView.swift */ = {isa = PBXFileReference; lastKnownFileType = sourcecode.swift; path = MyNavigationView.swift; sourceTree = "<group>"; };
		56A8AED1293A0EC700568FDE /* MyNavigationStack.swift */ = {isa = PBXFileReference; lastKnownFileType = sourcecode.swift; path = MyNavigationStack.swift; sourceTree = "<group>"; };
		56A8AED3293A1BAA00568FDE /* MyOnAppear.swift */ = {isa = PBXFileReference; lastKnownFileType = sourcecode.swift; path = MyOnAppear.swift; sourceTree = "<group>"; };
		56A8AED6293A281F00568FDE /* MySecondProject.swift */ = {isa = PBXFileReference; lastKnownFileType = sourcecode.swift; path = MySecondProject.swift; sourceTree = "<group>"; };
		56C2507F2935ECC1004EB9A1 /* MySwiftUI.app */ = {isa = PBXFileReference; explicitFileType = wrapper.application; includeInIndex = 0; path = MySwiftUI.app; sourceTree = BUILT_PRODUCTS_DIR; };
		56C250822935ECC1004EB9A1 /* MySwiftUIApp.swift */ = {isa = PBXFileReference; lastKnownFileType = sourcecode.swift; path = MySwiftUIApp.swift; sourceTree = "<group>"; };
		56C250842935ECC1004EB9A1 /* ContentView.swift */ = {isa = PBXFileReference; lastKnownFileType = sourcecode.swift; path = ContentView.swift; sourceTree = "<group>"; };
		56C250862935ECC1004EB9A1 /* Assets.xcassets */ = {isa = PBXFileReference; lastKnownFileType = folder.assetcatalog; path = Assets.xcassets; sourceTree = "<group>"; };
		56C250892935ECC1004EB9A1 /* Preview Assets.xcassets */ = {isa = PBXFileReference; lastKnownFileType = folder.assetcatalog; path = "Preview Assets.xcassets"; sourceTree = "<group>"; };
		56C2508F2935ECC2004EB9A1 /* MySwiftUITests.xctest */ = {isa = PBXFileReference; explicitFileType = wrapper.cfbundle; includeInIndex = 0; path = MySwiftUITests.xctest; sourceTree = BUILT_PRODUCTS_DIR; };
		56C250932935ECC2004EB9A1 /* MySwiftUITests.swift */ = {isa = PBXFileReference; lastKnownFileType = sourcecode.swift; path = MySwiftUITests.swift; sourceTree = "<group>"; };
		56C250992935ECC2004EB9A1 /* MySwiftUIUITests.xctest */ = {isa = PBXFileReference; explicitFileType = wrapper.cfbundle; includeInIndex = 0; path = MySwiftUIUITests.xctest; sourceTree = BUILT_PRODUCTS_DIR; };
		56C2509D2935ECC2004EB9A1 /* MySwiftUIUITests.swift */ = {isa = PBXFileReference; lastKnownFileType = sourcecode.swift; path = MySwiftUIUITests.swift; sourceTree = "<group>"; };
		56C2509F2935ECC2004EB9A1 /* MySwiftUIUITestsLaunchTests.swift */ = {isa = PBXFileReference; lastKnownFileType = sourcecode.swift; path = MySwiftUIUITestsLaunchTests.swift; sourceTree = "<group>"; };
/* End PBXFileReference section */

/* Begin PBXFrameworksBuildPhase section */
		56C2507C2935ECC1004EB9A1 /* Frameworks */ = {
			isa = PBXFrameworksBuildPhase;
			buildActionMask = 2147483647;
			files = (
			);
			runOnlyForDeploymentPostprocessing = 0;
		};
		56C2508C2935ECC2004EB9A1 /* Frameworks */ = {
			isa = PBXFrameworksBuildPhase;
			buildActionMask = 2147483647;
			files = (
			);
			runOnlyForDeploymentPostprocessing = 0;
		};
		56C250962935ECC2004EB9A1 /* Frameworks */ = {
			isa = PBXFrameworksBuildPhase;
			buildActionMask = 2147483647;
			files = (
			);
			runOnlyForDeploymentPostprocessing = 0;
		};
/* End PBXFrameworksBuildPhase section */

/* Begin PBXGroup section */
		56C250762935ECC1004EB9A1 = {
			isa = PBXGroup;
			children = (
				56C250812935ECC1004EB9A1 /* MySwiftUI */,
				56C250922935ECC2004EB9A1 /* MySwiftUITests */,
				56C2509C2935ECC2004EB9A1 /* MySwiftUIUITests */,
				56C250802935ECC1004EB9A1 /* Products */,
			);
			sourceTree = "<group>";
		};
		56C250802935ECC1004EB9A1 /* Products */ = {
			isa = PBXGroup;
			children = (
				56C2507F2935ECC1004EB9A1 /* MySwiftUI.app */,
				56C2508F2935ECC2004EB9A1 /* MySwiftUITests.xctest */,
				56C250992935ECC2004EB9A1 /* MySwiftUIUITests.xctest */,
			);
			name = Products;
			sourceTree = "<group>";
		};
		56C250812935ECC1004EB9A1 /* MySwiftUI */ = {
			isa = PBXGroup;
			children = (
				56C250822935ECC1004EB9A1 /* MySwiftUIApp.swift */,
				56C250AC2935ECCF004EB9A1 /* 5week */,
				56C250842935ECC1004EB9A1 /* ContentView.swift */,
				56C250862935ECC1004EB9A1 /* Assets.xcassets */,
				56C250882935ECC1004EB9A1 /* Preview Content */,
			);
			path = MySwiftUI;
			sourceTree = "<group>";
		};
		56C250882935ECC1004EB9A1 /* Preview Content */ = {
			isa = PBXGroup;
			children = (
				56C250892935ECC1004EB9A1 /* Preview Assets.xcassets */,
			);
			path = "Preview Content";
			sourceTree = "<group>";
		};
		56C250922935ECC2004EB9A1 /* MySwiftUITests */ = {
			isa = PBXGroup;
			children = (
				56C250932935ECC2004EB9A1 /* MySwiftUITests.swift */,
			);
			path = MySwiftUITests;
			sourceTree = "<group>";
		};
		56C2509C2935ECC2004EB9A1 /* MySwiftUIUITests */ = {
			isa = PBXGroup;
			children = (
				56C2509D2935ECC2004EB9A1 /* MySwiftUIUITests.swift */,
				56C2509F2935ECC2004EB9A1 /* MySwiftUIUITestsLaunchTests.swift */,
			);
			path = MySwiftUIUITests;
			sourceTree = "<group>";
		};
		56C250AC2935ECCF004EB9A1 /* 5week */ = {
			isa = PBXGroup;
			children = (
				56A8AEC92939FD4A00568FDE /* MySecureField.swift */,
				56A8AECB293A040700568FDE /* MyProgressView.swift */,
				56A8AECD293A07E200568FDE /* MyLabel.swift */,
				56A8AECF293A0AA700568FDE /* MyNavigationView.swift */,
				56A8AED1293A0EC700568FDE /* MyNavigationStack.swift */,
				56A8AED3293A1BAA00568FDE /* MyOnAppear.swift */,
				56A8AED6293A281F00568FDE /* MySecondProject.swift */,
			);
			path = 5week;
			sourceTree = "<group>";
		};
/* End PBXGroup section */

/* Begin PBXNativeTarget section */
		56C2507E2935ECC1004EB9A1 /* MySwiftUI */ = {
			isa = PBXNativeTarget;
			buildConfigurationList = 56C250A32935ECC2004EB9A1 /* Build configuration list for PBXNativeTarget "MySwiftUI" */;
			buildPhases = (
				56C2507B2935ECC1004EB9A1 /* Sources */,
				56C2507C2935ECC1004EB9A1 /* Frameworks */,
				56C2507D2935ECC1004EB9A1 /* Resources */,
			);
			buildRules = (
			);
			dependencies = (
			);
			name = MySwiftUI;
			productName = MySwiftUI;
			productReference = 56C2507F2935ECC1004EB9A1 /* MySwiftUI.app */;
			productType = "com.apple.product-type.application";
		};
		56C2508E2935ECC2004EB9A1 /* MySwiftUITests */ = {
			isa = PBXNativeTarget;
			buildConfigurationList = 56C250A62935ECC2004EB9A1 /* Build configuration list for PBXNativeTarget "MySwiftUITests" */;
			buildPhases = (
				56C2508B2935ECC2004EB9A1 /* Sources */,
				56C2508C2935ECC2004EB9A1 /* Frameworks */,
				56C2508D2935ECC2004EB9A1 /* Resources */,
			);
			buildRules = (
			);
			dependencies = (
				56C250912935ECC2004EB9A1 /* PBXTargetDependency */,
			);
			name = MySwiftUITests;
			productName = MySwiftUITests;
			productReference = 56C2508F2935ECC2004EB9A1 /* MySwiftUITests.xctest */;
			productType = "com.apple.product-type.bundle.unit-test";
		};
		56C250982935ECC2004EB9A1 /* MySwiftUIUITests */ = {
			isa = PBXNativeTarget;
			buildConfigurationList = 56C250A92935ECC2004EB9A1 /* Build configuration list for PBXNativeTarget "MySwiftUIUITests" */;
			buildPhases = (
				56C250952935ECC2004EB9A1 /* Sources */,
				56C250962935ECC2004EB9A1 /* Frameworks */,
				56C250972935ECC2004EB9A1 /* Resources */,
			);
			buildRules = (
			);
			dependencies = (
				56C2509B2935ECC2004EB9A1 /* PBXTargetDependency */,
			);
			name = MySwiftUIUITests;
			productName = MySwiftUIUITests;
			productReference = 56C250992935ECC2004EB9A1 /* MySwiftUIUITests.xctest */;
			productType = "com.apple.product-type.bundle.ui-testing";
		};
/* End PBXNativeTarget section */

/* Begin PBXProject section */
		56C250772935ECC1004EB9A1 /* Project object */ = {
			isa = PBXProject;
			attributes = {
				BuildIndependentTargetsInParallel = 1;
				LastSwiftUpdateCheck = 1410;
				LastUpgradeCheck = 1410;
				TargetAttributes = {
					56C2507E2935ECC1004EB9A1 = {
						CreatedOnToolsVersion = 14.1;
					};
					56C2508E2935ECC2004EB9A1 = {
						CreatedOnToolsVersion = 14.1;
						TestTargetID = 56C2507E2935ECC1004EB9A1;
					};
					56C250982935ECC2004EB9A1 = {
						CreatedOnToolsVersion = 14.1;
						TestTargetID = 56C2507E2935ECC1004EB9A1;
					};
				};
			};
			buildConfigurationList = 56C2507A2935ECC1004EB9A1 /* Build configuration list for PBXProject "MySwiftUI" */;
			compatibilityVersion = "Xcode 14.0";
			developmentRegion = en;
			hasScannedForEncodings = 0;
			knownRegions = (
				en,
				Base,
			);
			mainGroup = 56C250762935ECC1004EB9A1;
			productRefGroup = 56C250802935ECC1004EB9A1 /* Products */;
			projectDirPath = "";
			projectRoot = "";
			targets = (
				56C2507E2935ECC1004EB9A1 /* MySwiftUI */,
				56C2508E2935ECC2004EB9A1 /* MySwiftUITests */,
				56C250982935ECC2004EB9A1 /* MySwiftUIUITests */,
			);
		};
/* End PBXProject section */

/* Begin PBXResourcesBuildPhase section */
		56C2507D2935ECC1004EB9A1 /* Resources */ = {
			isa = PBXResourcesBuildPhase;
			buildActionMask = 2147483647;
			files = (
				56C2508A2935ECC1004EB9A1 /* Preview Assets.xcassets in Resources */,
				56C250872935ECC1004EB9A1 /* Assets.xcassets in Resources */,
			);
			runOnlyForDeploymentPostprocessing = 0;
		};
		56C2508D2935ECC2004EB9A1 /* Resources */ = {
			isa = PBXResourcesBuildPhase;
			buildActionMask = 2147483647;
			files = (
			);
			runOnlyForDeploymentPostprocessing = 0;
		};
		56C250972935ECC2004EB9A1 /* Resources */ = {
			isa = PBXResourcesBuildPhase;
			buildActionMask = 2147483647;
			files = (
			);
			runOnlyForDeploymentPostprocessing = 0;
		};
/* End PBXResourcesBuildPhase section */

/* Begin PBXSourcesBuildPhase section */
		56C2507B2935ECC1004EB9A1 /* Sources */ = {
			isa = PBXSourcesBuildPhase;
			buildActionMask = 2147483647;
			files = (
				56A8AECA2939FD4A00568FDE /* MySecureField.swift in Sources */,
				56A8AED2293A0EC800568FDE /* MyNavigationStack.swift in Sources */,
				56A8AECE293A07E200568FDE /* MyLabel.swift in Sources */,
				56A8AED0293A0AA700568FDE /* MyNavigationView.swift in Sources */,
				56A8AECC293A040700568FDE /* MyProgressView.swift in Sources */,
				56C250852935ECC1004EB9A1 /* ContentView.swift in Sources */,
				56C250832935ECC1004EB9A1 /* MySwiftUIApp.swift in Sources */,
				56A8AED4293A1BAA00568FDE /* MyOnAppear.swift in Sources */,
				56A8AED7293A281F00568FDE /* MySecondProject.swift in Sources */,
			);
			runOnlyForDeploymentPostprocessing = 0;
		};
		56C2508B2935ECC2004EB9A1 /* Sources */ = {
			isa = PBXSourcesBuildPhase;
			buildActionMask = 2147483647;
			files = (
				56C250942935ECC2004EB9A1 /* MySwiftUITests.swift in Sources */,
			);
			runOnlyForDeploymentPostprocessing = 0;
		};
		56C250952935ECC2004EB9A1 /* Sources */ = {
			isa = PBXSourcesBuildPhase;
			buildActionMask = 2147483647;
			files = (
				56C250A02935ECC2004EB9A1 /* MySwiftUIUITestsLaunchTests.swift in Sources */,
				56C2509E2935ECC2004EB9A1 /* MySwiftUIUITests.swift in Sources */,
			);
			runOnlyForDeploymentPostprocessing = 0;
		};
/* End PBXSourcesBuildPhase section */

/* Begin PBXTargetDependency section */
		56C250912935ECC2004EB9A1 /* PBXTargetDependency */ = {
			isa = PBXTargetDependency;
			target = 56C2507E2935ECC1004EB9A1 /* MySwiftUI */;
			targetProxy = 56C250902935ECC2004EB9A1 /* PBXContainerItemProxy */;
		};
		56C2509B2935ECC2004EB9A1 /* PBXTargetDependency */ = {
			isa = PBXTargetDependency;
			target = 56C2507E2935ECC1004EB9A1 /* MySwiftUI */;
			targetProxy = 56C2509A2935ECC2004EB9A1 /* PBXContainerItemProxy */;
		};
/* End PBXTargetDependency section */

/* Begin XCBuildConfiguration section */
		56C250A12935ECC2004EB9A1 /* Debug */ = {
			isa = XCBuildConfiguration;
			buildSettings = {
				ALWAYS_SEARCH_USER_PATHS = NO;
				CLANG_ANALYZER_NONNULL = YES;
				CLANG_ANALYZER_NUMBER_OBJECT_CONVERSION = YES_AGGRESSIVE;
				CLANG_CXX_LANGUAGE_STANDARD = "gnu++20";
				CLANG_ENABLE_MODULES = YES;
				CLANG_ENABLE_OBJC_ARC = YES;
				CLANG_ENABLE_OBJC_WEAK = YES;
				CLANG_WARN_BLOCK_CAPTURE_AUTORELEASING = YES;
				CLANG_WARN_BOOL_CONVERSION = YES;
				CLANG_WARN_COMMA = YES;
				CLANG_WARN_CONSTANT_CONVERSION = YES;
				CLANG_WARN_DEPRECATED_OBJC_IMPLEMENTATIONS = YES;
				CLANG_WARN_DIRECT_OBJC_ISA_USAGE = YES_ERROR;
				CLANG_WARN_DOCUMENTATION_COMMENTS = YES;
				CLANG_WARN_EMPTY_BODY = YES;
				CLANG_WARN_ENUM_CONVERSION = YES;
				CLANG_WARN_INFINITE_RECURSION = YES;
				CLANG_WARN_INT_CONVERSION = YES;
				CLANG_WARN_NON_LITERAL_NULL_CONVERSION = YES;
				CLANG_WARN_OBJC_IMPLICIT_RETAIN_SELF = YES;
				CLANG_WARN_OBJC_LITERAL_CONVERSION = YES;
				CLANG_WARN_OBJC_ROOT_CLASS = YES_ERROR;
				CLANG_WARN_QUOTED_INCLUDE_IN_FRAMEWORK_HEADER = YES;
				CLANG_WARN_RANGE_LOOP_ANALYSIS = YES;
				CLANG_WARN_STRICT_PROTOTYPES = YES;
				CLANG_WARN_SUSPICIOUS_MOVE = YES;
				CLANG_WARN_UNGUARDED_AVAILABILITY = YES_AGGRESSIVE;
				CLANG_WARN_UNREACHABLE_CODE = YES;
				CLANG_WARN__DUPLICATE_METHOD_MATCH = YES;
				COPY_PHASE_STRIP = NO;
				DEBUG_INFORMATION_FORMAT = dwarf;
				ENABLE_STRICT_OBJC_MSGSEND = YES;
				ENABLE_TESTABILITY = YES;
				GCC_C_LANGUAGE_STANDARD = gnu11;
				GCC_DYNAMIC_NO_PIC = NO;
				GCC_NO_COMMON_BLOCKS = YES;
				GCC_OPTIMIZATION_LEVEL = 0;
				GCC_PREPROCESSOR_DEFINITIONS = (
					"DEBUG=1",
					"$(inherited)",
				);
				GCC_WARN_64_TO_32_BIT_CONVERSION = YES;
				GCC_WARN_ABOUT_RETURN_TYPE = YES_ERROR;
				GCC_WARN_UNDECLARED_SELECTOR = YES;
				GCC_WARN_UNINITIALIZED_AUTOS = YES_AGGRESSIVE;
				GCC_WARN_UNUSED_FUNCTION = YES;
				GCC_WARN_UNUSED_VARIABLE = YES;
				IPHONEOS_DEPLOYMENT_TARGET = 16.1;
				MTL_ENABLE_DEBUG_INFO = INCLUDE_SOURCE;
				MTL_FAST_MATH = YES;
				ONLY_ACTIVE_ARCH = YES;
				SDKROOT = iphoneos;
				SWIFT_ACTIVE_COMPILATION_CONDITIONS = DEBUG;
				SWIFT_OPTIMIZATION_LEVEL = "-Onone";
			};
			name = Debug;
		};
		56C250A22935ECC2004EB9A1 /* Release */ = {
			isa = XCBuildConfiguration;
			buildSettings = {
				ALWAYS_SEARCH_USER_PATHS = NO;
				CLANG_ANALYZER_NONNULL = YES;
				CLANG_ANALYZER_NUMBER_OBJECT_CONVERSION = YES_AGGRESSIVE;
				CLANG_CXX_LANGUAGE_STANDARD = "gnu++20";
				CLANG_ENABLE_MODULES = YES;
				CLANG_ENABLE_OBJC_ARC = YES;
				CLANG_ENABLE_OBJC_WEAK = YES;
				CLANG_WARN_BLOCK_CAPTURE_AUTORELEASING = YES;
				CLANG_WARN_BOOL_CONVERSION = YES;
				CLANG_WARN_COMMA = YES;
				CLANG_WARN_CONSTANT_CONVERSION = YES;
				CLANG_WARN_DEPRECATED_OBJC_IMPLEMENTATIONS = YES;
				CLANG_WARN_DIRECT_OBJC_ISA_USAGE = YES_ERROR;
				CLANG_WARN_DOCUMENTATION_COMMENTS = YES;
				CLANG_WARN_EMPTY_BODY = YES;
				CLANG_WARN_ENUM_CONVERSION = YES;
				CLANG_WARN_INFINITE_RECURSION = YES;
				CLANG_WARN_INT_CONVERSION = YES;
				CLANG_WARN_NON_LITERAL_NULL_CONVERSION = YES;
				CLANG_WARN_OBJC_IMPLICIT_RETAIN_SELF = YES;
				CLANG_WARN_OBJC_LITERAL_CONVERSION = YES;
				CLANG_WARN_OBJC_ROOT_CLASS = YES_ERROR;
				CLANG_WARN_QUOTED_INCLUDE_IN_FRAMEWORK_HEADER = YES;
				CLANG_WARN_RANGE_LOOP_ANALYSIS = YES;
				CLANG_WARN_STRICT_PROTOTYPES = YES;
				CLANG_WARN_SUSPICIOUS_MOVE = YES;
				CLANG_WARN_UNGUARDED_AVAILABILITY = YES_AGGRESSIVE;
				CLANG_WARN_UNREACHABLE_CODE = YES;
				CLANG_WARN__DUPLICATE_METHOD_MATCH = YES;
				COPY_PHASE_STRIP = NO;
				DEBUG_INFORMATION_FORMAT = "dwarf-with-dsym";
				ENABLE_NS_ASSERTIONS = NO;
				ENABLE_STRICT_OBJC_MSGSEND = YES;
				GCC_C_LANGUAGE_STANDARD = gnu11;
				GCC_NO_COMMON_BLOCKS = YES;
				GCC_WARN_64_TO_32_BIT_CONVERSION = YES;
				GCC_WARN_ABOUT_RETURN_TYPE = YES_ERROR;
				GCC_WARN_UNDECLARED_SELECTOR = YES;
				GCC_WARN_UNINITIALIZED_AUTOS = YES_AGGRESSIVE;
				GCC_WARN_UNUSED_FUNCTION = YES;
				GCC_WARN_UNUSED_VARIABLE = YES;
				IPHONEOS_DEPLOYMENT_TARGET = 16.1;
				MTL_ENABLE_DEBUG_INFO = NO;
				MTL_FAST_MATH = YES;
				SDKROOT = iphoneos;
				SWIFT_COMPILATION_MODE = wholemodule;
				SWIFT_OPTIMIZATION_LEVEL = "-O";
				VALIDATE_PRODUCT = YES;
			};
			name = Release;
		};
		56C250A42935ECC2004EB9A1 /* Debug */ = {
			isa = XCBuildConfiguration;
			buildSettings = {
				ASSETCATALOG_COMPILER_APPICON_NAME = AppIcon;
				ASSETCATALOG_COMPILER_GLOBAL_ACCENT_COLOR_NAME = AccentColor;
				CODE_SIGN_STYLE = Automatic;
				CURRENT_PROJECT_VERSION = 1;
				DEVELOPMENT_ASSET_PATHS = "\"MySwiftUI/Preview Content\"";
				DEVELOPMENT_TEAM = LVBHWHTSNF;
				ENABLE_PREVIEWS = YES;
				GENERATE_INFOPLIST_FILE = YES;
				INFOPLIST_KEY_UIApplicationSceneManifest_Generation = YES;
				INFOPLIST_KEY_UIApplicationSupportsIndirectInputEvents = YES;
				INFOPLIST_KEY_UILaunchScreen_Generation = YES;
				INFOPLIST_KEY_UISupportedInterfaceOrientations_iPad = "UIInterfaceOrientationPortrait UIInterfaceOrientationPortraitUpsideDown UIInterfaceOrientationLandscapeLeft UIInterfaceOrientationLandscapeRight";
				INFOPLIST_KEY_UISupportedInterfaceOrientations_iPhone = "UIInterfaceOrientationPortrait UIInterfaceOrientationLandscapeLeft UIInterfaceOrientationLandscapeRight";
				LD_RUNPATH_SEARCH_PATHS = (
					"$(inherited)",
					"@executable_path/Frameworks",
				);
				MARKETING_VERSION = 1.0;
				PRODUCT_BUNDLE_IDENTIFIER = com.lee.MySwiftUI;
				PRODUCT_NAME = "$(TARGET_NAME)";
				SWIFT_EMIT_LOC_STRINGS = YES;
				SWIFT_VERSION = 5.0;
				TARGETED_DEVICE_FAMILY = "1,2";
			};
			name = Debug;
		};
		56C250A52935ECC2004EB9A1 /* Release */ = {
			isa = XCBuildConfiguration;
			buildSettings = {
				ASSETCATALOG_COMPILER_APPICON_NAME = AppIcon;
				ASSETCATALOG_COMPILER_GLOBAL_ACCENT_COLOR_NAME = AccentColor;
				CODE_SIGN_STYLE = Automatic;
				CURRENT_PROJECT_VERSION = 1;
				DEVELOPMENT_ASSET_PATHS = "\"MySwiftUI/Preview Content\"";
				DEVELOPMENT_TEAM = LVBHWHTSNF;
				ENABLE_PREVIEWS = YES;
				GENERATE_INFOPLIST_FILE = YES;
				INFOPLIST_KEY_UIApplicationSceneManifest_Generation = YES;
				INFOPLIST_KEY_UIApplicationSupportsIndirectInputEvents = YES;
				INFOPLIST_KEY_UILaunchScreen_Generation = YES;
				INFOPLIST_KEY_UISupportedInterfaceOrientations_iPad = "UIInterfaceOrientationPortrait UIInterfaceOrientationPortraitUpsideDown UIInterfaceOrientationLandscapeLeft UIInterfaceOrientationLandscapeRight";
				INFOPLIST_KEY_UISupportedInterfaceOrientations_iPhone = "UIInterfaceOrientationPortrait UIInterfaceOrientationLandscapeLeft UIInterfaceOrientationLandscapeRight";
				LD_RUNPATH_SEARCH_PATHS = (
					"$(inherited)",
					"@executable_path/Frameworks",
				);
				MARKETING_VERSION = 1.0;
				PRODUCT_BUNDLE_IDENTIFIER = com.lee.MySwiftUI;
				PRODUCT_NAME = "$(TARGET_NAME)";
				SWIFT_EMIT_LOC_STRINGS = YES;
				SWIFT_VERSION = 5.0;
				TARGETED_DEVICE_FAMILY = "1,2";
			};
			name = Release;
		};
		56C250A72935ECC2004EB9A1 /* Debug */ = {
			isa = XCBuildConfiguration;
			buildSettings = {
				ALWAYS_EMBED_SWIFT_STANDARD_LIBRARIES = YES;
				BUNDLE_LOADER = "$(TEST_HOST)";
				CODE_SIGN_STYLE = Automatic;
				CURRENT_PROJECT_VERSION = 1;
				DEVELOPMENT_TEAM = LVBHWHTSNF;
				GENERATE_INFOPLIST_FILE = YES;
				IPHONEOS_DEPLOYMENT_TARGET = 16.1;
				MARKETING_VERSION = 1.0;
				PRODUCT_BUNDLE_IDENTIFIER = com.lee.MySwiftUITests;
				PRODUCT_NAME = "$(TARGET_NAME)";
				SWIFT_EMIT_LOC_STRINGS = NO;
				SWIFT_VERSION = 5.0;
				TARGETED_DEVICE_FAMILY = "1,2";
				TEST_HOST = "$(BUILT_PRODUCTS_DIR)/MySwiftUI.app/$(BUNDLE_EXECUTABLE_FOLDER_PATH)/MySwiftUI";
			};
			name = Debug;
		};
		56C250A82935ECC2004EB9A1 /* Release */ = {
			isa = XCBuildConfiguration;
			buildSettings = {
				ALWAYS_EMBED_SWIFT_STANDARD_LIBRARIES = YES;
				BUNDLE_LOADER = "$(TEST_HOST)";
				CODE_SIGN_STYLE = Automatic;
				CURRENT_PROJECT_VERSION = 1;
				DEVELOPMENT_TEAM = LVBHWHTSNF;
				GENERATE_INFOPLIST_FILE = YES;
				IPHONEOS_DEPLOYMENT_TARGET = 16.1;
				MARKETING_VERSION = 1.0;
				PRODUCT_BUNDLE_IDENTIFIER = com.lee.MySwiftUITests;
				PRODUCT_NAME = "$(TARGET_NAME)";
				SWIFT_EMIT_LOC_STRINGS = NO;
				SWIFT_VERSION = 5.0;
				TARGETED_DEVICE_FAMILY = "1,2";
				TEST_HOST = "$(BUILT_PRODUCTS_DIR)/MySwiftUI.app/$(BUNDLE_EXECUTABLE_FOLDER_PATH)/MySwiftUI";
			};
			name = Release;
		};
		56C250AA2935ECC2004EB9A1 /* Debug */ = {
			isa = XCBuildConfiguration;
			buildSettings = {
				ALWAYS_EMBED_SWIFT_STANDARD_LIBRARIES = YES;
				CODE_SIGN_STYLE = Automatic;
				CURRENT_PROJECT_VERSION = 1;
				DEVELOPMENT_TEAM = LVBHWHTSNF;
				GENERATE_INFOPLIST_FILE = YES;
				MARKETING_VERSION = 1.0;
				PRODUCT_BUNDLE_IDENTIFIER = com.lee.MySwiftUIUITests;
				PRODUCT_NAME = "$(TARGET_NAME)";
				SWIFT_EMIT_LOC_STRINGS = NO;
				SWIFT_VERSION = 5.0;
				TARGETED_DEVICE_FAMILY = "1,2";
				TEST_TARGET_NAME = MySwiftUI;
			};
			name = Debug;
		};
		56C250AB2935ECC2004EB9A1 /* Release */ = {
			isa = XCBuildConfiguration;
			buildSettings = {
				ALWAYS_EMBED_SWIFT_STANDARD_LIBRARIES = YES;
				CODE_SIGN_STYLE = Automatic;
				CURRENT_PROJECT_VERSION = 1;
				DEVELOPMENT_TEAM = LVBHWHTSNF;
				GENERATE_INFOPLIST_FILE = YES;
				MARKETING_VERSION = 1.0;
				PRODUCT_BUNDLE_IDENTIFIER = com.lee.MySwiftUIUITests;
				PRODUCT_NAME = "$(TARGET_NAME)";
				SWIFT_EMIT_LOC_STRINGS = NO;
				SWIFT_VERSION = 5.0;
				TARGETED_DEVICE_FAMILY = "1,2";
				TEST_TARGET_NAME = MySwiftUI;
			};
			name = Release;
		};
/* End XCBuildConfiguration section */

/* Begin XCConfigurationList section */
		56C2507A2935ECC1004EB9A1 /* Build configuration list for PBXProject "MySwiftUI" */ = {
			isa = XCConfigurationList;
			buildConfigurations = (
				56C250A12935ECC2004EB9A1 /* Debug */,
				56C250A22935ECC2004EB9A1 /* Release */,
			);
			defaultConfigurationIsVisible = 0;
			defaultConfigurationName = Release;
		};
		56C250A32935ECC2004EB9A1 /* Build configuration list for PBXNativeTarget "MySwiftUI" */ = {
			isa = XCConfigurationList;
			buildConfigurations = (
				56C250A42935ECC2004EB9A1 /* Debug */,
				56C250A52935ECC2004EB9A1 /* Release */,
			);
			defaultConfigurationIsVisible = 0;
			defaultConfigurationName = Release;
		};
		56C250A62935ECC2004EB9A1 /* Build configuration list for PBXNativeTarget "MySwiftUITests" */ = {
			isa = XCConfigurationList;
			buildConfigurations = (
				56C250A72935ECC2004EB9A1 /* Debug */,
				56C250A82935ECC2004EB9A1 /* Release */,
			);
			defaultConfigurationIsVisible = 0;
			defaultConfigurationName = Release;
		};
		56C250A92935ECC2004EB9A1 /* Build configuration list for PBXNativeTarget "MySwiftUIUITests" */ = {
			isa = XCConfigurationList;
			buildConfigurations = (
				56C250AA2935ECC2004EB9A1 /* Debug */,
				56C250AB2935ECC2004EB9A1 /* Release */,
			);
			defaultConfigurationIsVisible = 0;
			defaultConfigurationName = Release;
		};
/* End XCConfigurationList section */
	};
	rootObject = 56C250772935ECC1004EB9A1 /* Project object */;
}
